// !$*UTF8*$!
{
	archiveVersion = 1;
	classes = {
	};
	objectVersion = 51;
	objects = {

/* Begin PBXBuildFile section */
		246FA017E7606EB9C079442D /* Pods_HurbAlpha_HurbAlphaUITests.framework in Frameworks */ = {isa = PBXBuildFile; fileRef = 386835D43F1A84A62B8DC224 /* Pods_HurbAlpha_HurbAlphaUITests.framework */; };
		2B5DF09B697F764C938A0067 /* Pods_HurbAlpha.framework in Frameworks */ = {isa = PBXBuildFile; fileRef = EA0DAC3BFECD05426DD30F15 /* Pods_HurbAlpha.framework */; };
		6D6DCD7FA26195713F712B63 /* Pods_HurbAlphaTests.framework in Frameworks */ = {isa = PBXBuildFile; fileRef = D845641EDF99CF06B1DAEFE7 /* Pods_HurbAlphaTests.framework */; };
		D5434D8E2371BD8400060333 /* HurbOffers.swift in Sources */ = {isa = PBXBuildFile; fileRef = D5434D8D2371BD8400060333 /* HurbOffers.swift */; };
		D5434D902371BDBD00060333 /* HurbTableViewCell.swift in Sources */ = {isa = PBXBuildFile; fileRef = D5434D8F2371BDBD00060333 /* HurbTableViewCell.swift */; };
		D5434D952371BFD600060333 /* NetworkManager.swift in Sources */ = {isa = PBXBuildFile; fileRef = D5434D942371BFD600060333 /* NetworkManager.swift */; };
		D58A9F0023707C21005120D2 /* AppDelegate.swift in Sources */ = {isa = PBXBuildFile; fileRef = D58A9EFF23707C21005120D2 /* AppDelegate.swift */; };
		D58A9F0223707C21005120D2 /* SceneDelegate.swift in Sources */ = {isa = PBXBuildFile; fileRef = D58A9F0123707C21005120D2 /* SceneDelegate.swift */; };
		D58A9F0423707C21005120D2 /* HurbViewController.swift in Sources */ = {isa = PBXBuildFile; fileRef = D58A9F0323707C21005120D2 /* HurbViewController.swift */; };
		D58A9F0723707C21005120D2 /* Main.storyboard in Resources */ = {isa = PBXBuildFile; fileRef = D58A9F0523707C21005120D2 /* Main.storyboard */; };
		D58A9F0923707C22005120D2 /* Assets.xcassets in Resources */ = {isa = PBXBuildFile; fileRef = D58A9F0823707C22005120D2 /* Assets.xcassets */; };
		D58A9F0C23707C22005120D2 /* LaunchScreen.storyboard in Resources */ = {isa = PBXBuildFile; fileRef = D58A9F0A23707C22005120D2 /* LaunchScreen.storyboard */; };
		D58A9F1723707C22005120D2 /* HurbAlphaTests.swift in Sources */ = {isa = PBXBuildFile; fileRef = D58A9F1623707C22005120D2 /* HurbAlphaTests.swift */; };
		D58A9F2223707C22005120D2 /* HurbAlphaUITests.swift in Sources */ = {isa = PBXBuildFile; fileRef = D58A9F2123707C22005120D2 /* HurbAlphaUITests.swift */; };
		D58B63DC2372FA1B0019D9C7 /* GalleryImage.swift in Sources */ = {isa = PBXBuildFile; fileRef = D58B63DB2372FA1B0019D9C7 /* GalleryImage.swift */; };
		D58B63DF2373111B0019D9C7 /* FeedDataSource.swift in Sources */ = {isa = PBXBuildFile; fileRef = D58B63DE2373111B0019D9C7 /* FeedDataSource.swift */; };
		D58B63E1237311640019D9C7 /* FeedSection.swift in Sources */ = {isa = PBXBuildFile; fileRef = D58B63E0237311640019D9C7 /* FeedSection.swift */; };
		D58B63E323732E1B0019D9C7 /* FeedSectionType.swift in Sources */ = {isa = PBXBuildFile; fileRef = D58B63E223732E1B0019D9C7 /* FeedSectionType.swift */; };
		D58B63E523735EBC0019D9C7 /* Address.swift in Sources */ = {isa = PBXBuildFile; fileRef = D58B63E423735EBC0019D9C7 /* Address.swift */; };
		D58B63E72373623B0019D9C7 /* Amenities.swift in Sources */ = {isa = PBXBuildFile; fileRef = D58B63E62373623B0019D9C7 /* Amenities.swift */; };
		D58B63E92373624B0019D9C7 /* Price.swift in Sources */ = {isa = PBXBuildFile; fileRef = D58B63E82373624B0019D9C7 /* Price.swift */; };
		D5D52EA02371DFAB00D86855 /* APIRoot.swift in Sources */ = {isa = PBXBuildFile; fileRef = D5D52E9F2371DFAB00D86855 /* APIRoot.swift */; };
		D5D52EA22371DFDF00D86855 /* HurbOffersAPI.swift in Sources */ = {isa = PBXBuildFile; fileRef = D5D52EA12371DFDF00D86855 /* HurbOffersAPI.swift */; };
		D5D52EA42371DFF700D86855 /* HurbAlphaAPI.swift in Sources */ = {isa = PBXBuildFile; fileRef = D5D52EA32371DFF700D86855 /* HurbAlphaAPI.swift */; };
/* End PBXBuildFile section */

/* Begin PBXContainerItemProxy section */
		D58A9F1323707C22005120D2 /* PBXContainerItemProxy */ = {
			isa = PBXContainerItemProxy;
			containerPortal = D58A9EF423707C21005120D2 /* Project object */;
			proxyType = 1;
			remoteGlobalIDString = D58A9EFB23707C21005120D2;
			remoteInfo = HurbAlpha;
		};
		D58A9F1E23707C22005120D2 /* PBXContainerItemProxy */ = {
			isa = PBXContainerItemProxy;
			containerPortal = D58A9EF423707C21005120D2 /* Project object */;
			proxyType = 1;
			remoteGlobalIDString = D58A9EFB23707C21005120D2;
			remoteInfo = HurbAlpha;
		};
/* End PBXContainerItemProxy section */

/* Begin PBXFileReference section */
		100643EB62A02D1E4436877D /* Pods-HurbAlpha.release.xcconfig */ = {isa = PBXFileReference; includeInIndex = 1; lastKnownFileType = text.xcconfig; name = "Pods-HurbAlpha.release.xcconfig"; path = "Target Support Files/Pods-HurbAlpha/Pods-HurbAlpha.release.xcconfig"; sourceTree = "<group>"; };
		386835D43F1A84A62B8DC224 /* Pods_HurbAlpha_HurbAlphaUITests.framework */ = {isa = PBXFileReference; explicitFileType = wrapper.framework; includeInIndex = 0; path = Pods_HurbAlpha_HurbAlphaUITests.framework; sourceTree = BUILT_PRODUCTS_DIR; };
		48F899236F4377F1E8D25958 /* Pods-HurbAlphaTests.debug.xcconfig */ = {isa = PBXFileReference; includeInIndex = 1; lastKnownFileType = text.xcconfig; name = "Pods-HurbAlphaTests.debug.xcconfig"; path = "Target Support Files/Pods-HurbAlphaTests/Pods-HurbAlphaTests.debug.xcconfig"; sourceTree = "<group>"; };
		53F14DCD5AE28113CD379581 /* Pods-HurbAlpha.debug.xcconfig */ = {isa = PBXFileReference; includeInIndex = 1; lastKnownFileType = text.xcconfig; name = "Pods-HurbAlpha.debug.xcconfig"; path = "Target Support Files/Pods-HurbAlpha/Pods-HurbAlpha.debug.xcconfig"; sourceTree = "<group>"; };
		B1143C9437A822215C850A3F /* Pods-HurbAlphaTests.release.xcconfig */ = {isa = PBXFileReference; includeInIndex = 1; lastKnownFileType = text.xcconfig; name = "Pods-HurbAlphaTests.release.xcconfig"; path = "Target Support Files/Pods-HurbAlphaTests/Pods-HurbAlphaTests.release.xcconfig"; sourceTree = "<group>"; };
		D5434D8D2371BD8400060333 /* HurbOffers.swift */ = {isa = PBXFileReference; lastKnownFileType = sourcecode.swift; path = HurbOffers.swift; sourceTree = "<group>"; };
		D5434D8F2371BDBD00060333 /* HurbTableViewCell.swift */ = {isa = PBXFileReference; lastKnownFileType = sourcecode.swift; path = HurbTableViewCell.swift; sourceTree = "<group>"; };
		D5434D942371BFD600060333 /* NetworkManager.swift */ = {isa = PBXFileReference; lastKnownFileType = sourcecode.swift; path = NetworkManager.swift; sourceTree = "<group>"; };
		D58A9EFC23707C21005120D2 /* HurbAlpha.app */ = {isa = PBXFileReference; explicitFileType = wrapper.application; includeInIndex = 0; path = HurbAlpha.app; sourceTree = BUILT_PRODUCTS_DIR; };
		D58A9EFF23707C21005120D2 /* AppDelegate.swift */ = {isa = PBXFileReference; lastKnownFileType = sourcecode.swift; path = AppDelegate.swift; sourceTree = "<group>"; };
		D58A9F0123707C21005120D2 /* SceneDelegate.swift */ = {isa = PBXFileReference; lastKnownFileType = sourcecode.swift; path = SceneDelegate.swift; sourceTree = "<group>"; };
		D58A9F0323707C21005120D2 /* HurbViewController.swift */ = {isa = PBXFileReference; lastKnownFileType = sourcecode.swift; path = HurbViewController.swift; sourceTree = "<group>"; };
		D58A9F0623707C21005120D2 /* Base */ = {isa = PBXFileReference; lastKnownFileType = file.storyboard; name = Base; path = Base.lproj/Main.storyboard; sourceTree = "<group>"; };
		D58A9F0823707C22005120D2 /* Assets.xcassets */ = {isa = PBXFileReference; lastKnownFileType = folder.assetcatalog; path = Assets.xcassets; sourceTree = "<group>"; };
		D58A9F0B23707C22005120D2 /* Base */ = {isa = PBXFileReference; lastKnownFileType = file.storyboard; name = Base; path = Base.lproj/LaunchScreen.storyboard; sourceTree = "<group>"; };
		D58A9F0D23707C22005120D2 /* Info.plist */ = {isa = PBXFileReference; lastKnownFileType = text.plist.xml; path = Info.plist; sourceTree = "<group>"; };
		D58A9F1223707C22005120D2 /* HurbAlphaTests.xctest */ = {isa = PBXFileReference; explicitFileType = wrapper.cfbundle; includeInIndex = 0; path = HurbAlphaTests.xctest; sourceTree = BUILT_PRODUCTS_DIR; };
		D58A9F1623707C22005120D2 /* HurbAlphaTests.swift */ = {isa = PBXFileReference; lastKnownFileType = sourcecode.swift; path = HurbAlphaTests.swift; sourceTree = "<group>"; };
		D58A9F1823707C22005120D2 /* Info.plist */ = {isa = PBXFileReference; lastKnownFileType = text.plist.xml; path = Info.plist; sourceTree = "<group>"; };
		D58A9F1D23707C22005120D2 /* HurbAlphaUITests.xctest */ = {isa = PBXFileReference; explicitFileType = wrapper.cfbundle; includeInIndex = 0; path = HurbAlphaUITests.xctest; sourceTree = BUILT_PRODUCTS_DIR; };
		D58A9F2123707C22005120D2 /* HurbAlphaUITests.swift */ = {isa = PBXFileReference; lastKnownFileType = sourcecode.swift; path = HurbAlphaUITests.swift; sourceTree = "<group>"; };
		D58A9F2323707C22005120D2 /* Info.plist */ = {isa = PBXFileReference; lastKnownFileType = text.plist.xml; path = Info.plist; sourceTree = "<group>"; };
		D58B63DB2372FA1B0019D9C7 /* GalleryImage.swift */ = {isa = PBXFileReference; lastKnownFileType = sourcecode.swift; path = GalleryImage.swift; sourceTree = "<group>"; };
		D58B63DE2373111B0019D9C7 /* FeedDataSource.swift */ = {isa = PBXFileReference; lastKnownFileType = sourcecode.swift; path = FeedDataSource.swift; sourceTree = "<group>"; };
		D58B63E0237311640019D9C7 /* FeedSection.swift */ = {isa = PBXFileReference; lastKnownFileType = sourcecode.swift; path = FeedSection.swift; sourceTree = "<group>"; };
		D58B63E223732E1B0019D9C7 /* FeedSectionType.swift */ = {isa = PBXFileReference; lastKnownFileType = sourcecode.swift; path = FeedSectionType.swift; sourceTree = "<group>"; };
		D58B63E423735EBC0019D9C7 /* Address.swift */ = {isa = PBXFileReference; lastKnownFileType = sourcecode.swift; path = Address.swift; sourceTree = "<group>"; };
		D58B63E62373623B0019D9C7 /* Amenities.swift */ = {isa = PBXFileReference; lastKnownFileType = sourcecode.swift; path = Amenities.swift; sourceTree = "<group>"; };
		D58B63E82373624B0019D9C7 /* Price.swift */ = {isa = PBXFileReference; lastKnownFileType = sourcecode.swift; path = Price.swift; sourceTree = "<group>"; };
		D5D52E9F2371DFAB00D86855 /* APIRoot.swift */ = {isa = PBXFileReference; lastKnownFileType = sourcecode.swift; path = APIRoot.swift; sourceTree = "<group>"; };
		D5D52EA12371DFDF00D86855 /* HurbOffersAPI.swift */ = {isa = PBXFileReference; lastKnownFileType = sourcecode.swift; path = HurbOffersAPI.swift; sourceTree = "<group>"; };
		D5D52EA32371DFF700D86855 /* HurbAlphaAPI.swift */ = {isa = PBXFileReference; lastKnownFileType = sourcecode.swift; path = HurbAlphaAPI.swift; sourceTree = "<group>"; };
		D845641EDF99CF06B1DAEFE7 /* Pods_HurbAlphaTests.framework */ = {isa = PBXFileReference; explicitFileType = wrapper.framework; includeInIndex = 0; path = Pods_HurbAlphaTests.framework; sourceTree = BUILT_PRODUCTS_DIR; };
		EA0DAC3BFECD05426DD30F15 /* Pods_HurbAlpha.framework */ = {isa = PBXFileReference; explicitFileType = wrapper.framework; includeInIndex = 0; path = Pods_HurbAlpha.framework; sourceTree = BUILT_PRODUCTS_DIR; };
		F3AFACFAD7C99527902E9B12 /* Pods-HurbAlpha-HurbAlphaUITests.debug.xcconfig */ = {isa = PBXFileReference; includeInIndex = 1; lastKnownFileType = text.xcconfig; name = "Pods-HurbAlpha-HurbAlphaUITests.debug.xcconfig"; path = "Target Support Files/Pods-HurbAlpha-HurbAlphaUITests/Pods-HurbAlpha-HurbAlphaUITests.debug.xcconfig"; sourceTree = "<group>"; };
		F6AA846F62D66BDA4BA01E99 /* Pods-HurbAlpha-HurbAlphaUITests.release.xcconfig */ = {isa = PBXFileReference; includeInIndex = 1; lastKnownFileType = text.xcconfig; name = "Pods-HurbAlpha-HurbAlphaUITests.release.xcconfig"; path = "Target Support Files/Pods-HurbAlpha-HurbAlphaUITests/Pods-HurbAlpha-HurbAlphaUITests.release.xcconfig"; sourceTree = "<group>"; };
/* End PBXFileReference section */

/* Begin PBXFrameworksBuildPhase section */
		D58A9EF923707C21005120D2 /* Frameworks */ = {
			isa = PBXFrameworksBuildPhase;
			buildActionMask = 2147483647;
			files = (
				2B5DF09B697F764C938A0067 /* Pods_HurbAlpha.framework in Frameworks */,
			);
			runOnlyForDeploymentPostprocessing = 0;
		};
		D58A9F0F23707C22005120D2 /* Frameworks */ = {
			isa = PBXFrameworksBuildPhase;
			buildActionMask = 2147483647;
			files = (
				6D6DCD7FA26195713F712B63 /* Pods_HurbAlphaTests.framework in Frameworks */,
			);
			runOnlyForDeploymentPostprocessing = 0;
		};
		D58A9F1A23707C22005120D2 /* Frameworks */ = {
			isa = PBXFrameworksBuildPhase;
			buildActionMask = 2147483647;
			files = (
				246FA017E7606EB9C079442D /* Pods_HurbAlpha_HurbAlphaUITests.framework in Frameworks */,
			);
			runOnlyForDeploymentPostprocessing = 0;
		};
/* End PBXFrameworksBuildPhase section */

/* Begin PBXGroup section */
		83A41D17F26B1B15CBDDBEDA /* Pods */ = {
			isa = PBXGroup;
			children = (
				53F14DCD5AE28113CD379581 /* Pods-HurbAlpha.debug.xcconfig */,
				100643EB62A02D1E4436877D /* Pods-HurbAlpha.release.xcconfig */,
				F3AFACFAD7C99527902E9B12 /* Pods-HurbAlpha-HurbAlphaUITests.debug.xcconfig */,
				F6AA846F62D66BDA4BA01E99 /* Pods-HurbAlpha-HurbAlphaUITests.release.xcconfig */,
				48F899236F4377F1E8D25958 /* Pods-HurbAlphaTests.debug.xcconfig */,
				B1143C9437A822215C850A3F /* Pods-HurbAlphaTests.release.xcconfig */,
			);
			path = Pods;
			sourceTree = "<group>";
		};
		BFCCF03A23DDDCC3B1E0B147 /* Frameworks */ = {
			isa = PBXGroup;
			children = (
				EA0DAC3BFECD05426DD30F15 /* Pods_HurbAlpha.framework */,
				386835D43F1A84A62B8DC224 /* Pods_HurbAlpha_HurbAlphaUITests.framework */,
				D845641EDF99CF06B1DAEFE7 /* Pods_HurbAlphaTests.framework */,
			);
			name = Frameworks;
			sourceTree = "<group>";
		};
		D5434D8C2371BD3B00060333 /* Application */ = {
			isa = PBXGroup;
			children = (
				D58A9EFF23707C21005120D2 /* AppDelegate.swift */,
				D58A9F0123707C21005120D2 /* SceneDelegate.swift */,
			);
			path = Application;
			sourceTree = "<group>";
		};
		D5434D932371BF7900060333 /* NetworkLayer */ = {
			isa = PBXGroup;
			children = (
				D5434D942371BFD600060333 /* NetworkManager.swift */,
				D5D52E9E2371DF8D00D86855 /* HurbAPI */,
			);
			path = NetworkLayer;
			sourceTree = "<group>";
		};
		D58A9EF323707C21005120D2 = {
			isa = PBXGroup;
			children = (
				D58A9EFE23707C21005120D2 /* HurbAlpha */,
				D58A9F1523707C22005120D2 /* HurbAlphaTests */,
				D58A9F2023707C22005120D2 /* HurbAlphaUITests */,
				D58A9EFD23707C21005120D2 /* Products */,
				83A41D17F26B1B15CBDDBEDA /* Pods */,
				BFCCF03A23DDDCC3B1E0B147 /* Frameworks */,
			);
			sourceTree = "<group>";
		};
		D58A9EFD23707C21005120D2 /* Products */ = {
			isa = PBXGroup;
			children = (
				D58A9EFC23707C21005120D2 /* HurbAlpha.app */,
				D58A9F1223707C22005120D2 /* HurbAlphaTests.xctest */,
				D58A9F1D23707C22005120D2 /* HurbAlphaUITests.xctest */,
			);
			name = Products;
			sourceTree = "<group>";
		};
		D58A9EFE23707C21005120D2 /* HurbAlpha */ = {
			isa = PBXGroup;
			children = (
				D58B63DD2373110D0019D9C7 /* DataSources */,
				D5434D8C2371BD3B00060333 /* Application */,
				D58A9F2F23707C43005120D2 /* Model */,
				D58A9F3023707C49005120D2 /* View */,
				D58A9F3123707C51005120D2 /* Controlller */,
				D5434D932371BF7900060333 /* NetworkLayer */,
				D58A9F0523707C21005120D2 /* Main.storyboard */,
				D58A9F0823707C22005120D2 /* Assets.xcassets */,
				D58A9F0A23707C22005120D2 /* LaunchScreen.storyboard */,
				D58A9F0D23707C22005120D2 /* Info.plist */,
			);
			path = HurbAlpha;
			sourceTree = "<group>";
		};
		D58A9F1523707C22005120D2 /* HurbAlphaTests */ = {
			isa = PBXGroup;
			children = (
				D58A9F1623707C22005120D2 /* HurbAlphaTests.swift */,
				D58A9F1823707C22005120D2 /* Info.plist */,
			);
			path = HurbAlphaTests;
			sourceTree = "<group>";
		};
		D58A9F2023707C22005120D2 /* HurbAlphaUITests */ = {
			isa = PBXGroup;
			children = (
				D58A9F2123707C22005120D2 /* HurbAlphaUITests.swift */,
				D58A9F2323707C22005120D2 /* Info.plist */,
			);
			path = HurbAlphaUITests;
			sourceTree = "<group>";
		};
		D58A9F2F23707C43005120D2 /* Model */ = {
			isa = PBXGroup;
			children = (
				D5434D8D2371BD8400060333 /* HurbOffers.swift */,
				D58B63DB2372FA1B0019D9C7 /* GalleryImage.swift */,
				D58B63E0237311640019D9C7 /* FeedSection.swift */,
				D58B63E223732E1B0019D9C7 /* FeedSectionType.swift */,
				D58B63E423735EBC0019D9C7 /* Address.swift */,
				D58B63E62373623B0019D9C7 /* Amenities.swift */,
				D58B63E82373624B0019D9C7 /* Price.swift */,
			);
			path = Model;
			sourceTree = "<group>";
		};
		D58A9F3023707C49005120D2 /* View */ = {
			isa = PBXGroup;
			children = (
				D5434D8F2371BDBD00060333 /* HurbTableViewCell.swift */,
			);
			path = View;
			sourceTree = "<group>";
		};
		D58A9F3123707C51005120D2 /* Controlller */ = {
			isa = PBXGroup;
			children = (
				D58A9F0323707C21005120D2 /* HurbViewController.swift */,
			);
			path = Controlller;
			sourceTree = "<group>";
		};
		D58B63DD2373110D0019D9C7 /* DataSources */ = {
			isa = PBXGroup;
			children = (
				D58B63DE2373111B0019D9C7 /* FeedDataSource.swift */,
			);
			path = DataSources;
			sourceTree = "<group>";
		};
		D5D52E9E2371DF8D00D86855 /* HurbAPI */ = {
			isa = PBXGroup;
			children = (
				D5D52E9F2371DFAB00D86855 /* APIRoot.swift */,
				D5D52EA12371DFDF00D86855 /* HurbOffersAPI.swift */,
				D5D52EA32371DFF700D86855 /* HurbAlphaAPI.swift */,
			);
			path = HurbAPI;
			sourceTree = "<group>";
		};
/* End PBXGroup section */

/* Begin PBXNativeTarget section */
		D58A9EFB23707C21005120D2 /* HurbAlpha */ = {
			isa = PBXNativeTarget;
			buildConfigurationList = D58A9F2623707C22005120D2 /* Build configuration list for PBXNativeTarget "HurbAlpha" */;
			buildPhases = (
				3FC3A2D5B1F1A5FA6495919D /* [CP] Check Pods Manifest.lock */,
				D58A9EF823707C21005120D2 /* Sources */,
				D58A9EF923707C21005120D2 /* Frameworks */,
				D58A9EFA23707C21005120D2 /* Resources */,
				7DC25A062F8C92894EA1899D /* [CP] Embed Pods Frameworks */,
			);
			buildRules = (
			);
			dependencies = (
			);
			name = HurbAlpha;
			productName = HurbAlpha;
			productReference = D58A9EFC23707C21005120D2 /* HurbAlpha.app */;
			productType = "com.apple.product-type.application";
		};
		D58A9F1123707C22005120D2 /* HurbAlphaTests */ = {
			isa = PBXNativeTarget;
			buildConfigurationList = D58A9F2923707C22005120D2 /* Build configuration list for PBXNativeTarget "HurbAlphaTests" */;
			buildPhases = (
				8DD2B1197A29F3637FAB0251 /* [CP] Check Pods Manifest.lock */,
				D58A9F0E23707C22005120D2 /* Sources */,
				D58A9F0F23707C22005120D2 /* Frameworks */,
				D58A9F1023707C22005120D2 /* Resources */,
			);
			buildRules = (
			);
			dependencies = (
				D58A9F1423707C22005120D2 /* PBXTargetDependency */,
			);
			name = HurbAlphaTests;
			productName = HurbAlphaTests;
			productReference = D58A9F1223707C22005120D2 /* HurbAlphaTests.xctest */;
			productType = "com.apple.product-type.bundle.unit-test";
		};
		D58A9F1C23707C22005120D2 /* HurbAlphaUITests */ = {
			isa = PBXNativeTarget;
			buildConfigurationList = D58A9F2C23707C22005120D2 /* Build configuration list for PBXNativeTarget "HurbAlphaUITests" */;
			buildPhases = (
				E9A4C6B20D640CDCA30218D2 /* [CP] Check Pods Manifest.lock */,
				D58A9F1923707C22005120D2 /* Sources */,
				D58A9F1A23707C22005120D2 /* Frameworks */,
				D58A9F1B23707C22005120D2 /* Resources */,
				80FF68BC4531948BEEF24EC2 /* [CP] Embed Pods Frameworks */,
			);
			buildRules = (
			);
			dependencies = (
				D58A9F1F23707C22005120D2 /* PBXTargetDependency */,
			);
			name = HurbAlphaUITests;
			productName = HurbAlphaUITests;
			productReference = D58A9F1D23707C22005120D2 /* HurbAlphaUITests.xctest */;
			productType = "com.apple.product-type.bundle.ui-testing";
		};
/* End PBXNativeTarget section */

/* Begin PBXProject section */
		D58A9EF423707C21005120D2 /* Project object */ = {
			isa = PBXProject;
			attributes = {
				LastSwiftUpdateCheck = 1110;
				LastUpgradeCheck = 1110;
				ORGANIZATIONNAME = "Rodrigo Bukowitz";
				TargetAttributes = {
					D58A9EFB23707C21005120D2 = {
						CreatedOnToolsVersion = 11.1;
					};
					D58A9F1123707C22005120D2 = {
						CreatedOnToolsVersion = 11.1;
						TestTargetID = D58A9EFB23707C21005120D2;
					};
					D58A9F1C23707C22005120D2 = {
						CreatedOnToolsVersion = 11.1;
						TestTargetID = D58A9EFB23707C21005120D2;
					};
				};
			};
			buildConfigurationList = D58A9EF723707C21005120D2 /* Build configuration list for PBXProject "HurbAlpha" */;
			compatibilityVersion = "Xcode 9.3";
			developmentRegion = en;
			hasScannedForEncodings = 0;
			knownRegions = (
				en,
				Base,
			);
			mainGroup = D58A9EF323707C21005120D2;
			productRefGroup = D58A9EFD23707C21005120D2 /* Products */;
			projectDirPath = "";
			projectRoot = "";
			targets = (
				D58A9EFB23707C21005120D2 /* HurbAlpha */,
				D58A9F1123707C22005120D2 /* HurbAlphaTests */,
				D58A9F1C23707C22005120D2 /* HurbAlphaUITests */,
			);
		};
/* End PBXProject section */

/* Begin PBXResourcesBuildPhase section */
		D58A9EFA23707C21005120D2 /* Resources */ = {
			isa = PBXResourcesBuildPhase;
			buildActionMask = 2147483647;
			files = (
				D58A9F0C23707C22005120D2 /* LaunchScreen.storyboard in Resources */,
				D58A9F0923707C22005120D2 /* Assets.xcassets in Resources */,
				D58A9F0723707C21005120D2 /* Main.storyboard in Resources */,
			);
			runOnlyForDeploymentPostprocessing = 0;
		};
		D58A9F1023707C22005120D2 /* Resources */ = {
			isa = PBXResourcesBuildPhase;
			buildActionMask = 2147483647;
			files = (
			);
			runOnlyForDeploymentPostprocessing = 0;
		};
		D58A9F1B23707C22005120D2 /* Resources */ = {
			isa = PBXResourcesBuildPhase;
			buildActionMask = 2147483647;
			files = (
			);
			runOnlyForDeploymentPostprocessing = 0;
		};
/* End PBXResourcesBuildPhase section */

/* Begin PBXShellScriptBuildPhase section */
		3FC3A2D5B1F1A5FA6495919D /* [CP] Check Pods Manifest.lock */ = {
			isa = PBXShellScriptBuildPhase;
			buildActionMask = 2147483647;
			files = (
			);
			inputFileListPaths = (
			);
			inputPaths = (
				"${PODS_PODFILE_DIR_PATH}/Podfile.lock",
				"${PODS_ROOT}/Manifest.lock",
			);
			name = "[CP] Check Pods Manifest.lock";
			outputFileListPaths = (
			);
			outputPaths = (
				"$(DERIVED_FILE_DIR)/Pods-HurbAlpha-checkManifestLockResult.txt",
			);
			runOnlyForDeploymentPostprocessing = 0;
			shellPath = /bin/sh;
			shellScript = "diff \"${PODS_PODFILE_DIR_PATH}/Podfile.lock\" \"${PODS_ROOT}/Manifest.lock\" > /dev/null\nif [ $? != 0 ] ; then\n    # print error to STDERR\n    echo \"error: The sandbox is not in sync with the Podfile.lock. Run 'pod install' or update your CocoaPods installation.\" >&2\n    exit 1\nfi\n# This output is used by Xcode 'outputs' to avoid re-running this script phase.\necho \"SUCCESS\" > \"${SCRIPT_OUTPUT_FILE_0}\"\n";
			showEnvVarsInLog = 0;
		};
		7DC25A062F8C92894EA1899D /* [CP] Embed Pods Frameworks */ = {
			isa = PBXShellScriptBuildPhase;
			buildActionMask = 2147483647;
			files = (
			);
			inputFileListPaths = (
				"${PODS_ROOT}/Target Support Files/Pods-HurbAlpha/Pods-HurbAlpha-frameworks-${CONFIGURATION}-input-files.xcfilelist",
			);
			name = "[CP] Embed Pods Frameworks";
			outputFileListPaths = (
				"${PODS_ROOT}/Target Support Files/Pods-HurbAlpha/Pods-HurbAlpha-frameworks-${CONFIGURATION}-output-files.xcfilelist",
			);
			runOnlyForDeploymentPostprocessing = 0;
			shellPath = /bin/sh;
			shellScript = "\"${PODS_ROOT}/Target Support Files/Pods-HurbAlpha/Pods-HurbAlpha-frameworks.sh\"\n";
			showEnvVarsInLog = 0;
		};
		80FF68BC4531948BEEF24EC2 /* [CP] Embed Pods Frameworks */ = {
			isa = PBXShellScriptBuildPhase;
			buildActionMask = 2147483647;
			files = (
			);
			inputFileListPaths = (
				"${PODS_ROOT}/Target Support Files/Pods-HurbAlpha-HurbAlphaUITests/Pods-HurbAlpha-HurbAlphaUITests-frameworks-${CONFIGURATION}-input-files.xcfilelist",
			);
			name = "[CP] Embed Pods Frameworks";
			outputFileListPaths = (
				"${PODS_ROOT}/Target Support Files/Pods-HurbAlpha-HurbAlphaUITests/Pods-HurbAlpha-HurbAlphaUITests-frameworks-${CONFIGURATION}-output-files.xcfilelist",
			);
			runOnlyForDeploymentPostprocessing = 0;
			shellPath = /bin/sh;
			shellScript = "\"${PODS_ROOT}/Target Support Files/Pods-HurbAlpha-HurbAlphaUITests/Pods-HurbAlpha-HurbAlphaUITests-frameworks.sh\"\n";
			showEnvVarsInLog = 0;
		};
		8DD2B1197A29F3637FAB0251 /* [CP] Check Pods Manifest.lock */ = {
			isa = PBXShellScriptBuildPhase;
			buildActionMask = 2147483647;
			files = (
			);
			inputFileListPaths = (
			);
			inputPaths = (
				"${PODS_PODFILE_DIR_PATH}/Podfile.lock",
				"${PODS_ROOT}/Manifest.lock",
			);
			name = "[CP] Check Pods Manifest.lock";
			outputFileListPaths = (
			);
			outputPaths = (
				"$(DERIVED_FILE_DIR)/Pods-HurbAlphaTests-checkManifestLockResult.txt",
			);
			runOnlyForDeploymentPostprocessing = 0;
			shellPath = /bin/sh;
			shellScript = "diff \"${PODS_PODFILE_DIR_PATH}/Podfile.lock\" \"${PODS_ROOT}/Manifest.lock\" > /dev/null\nif [ $? != 0 ] ; then\n    # print error to STDERR\n    echo \"error: The sandbox is not in sync with the Podfile.lock. Run 'pod install' or update your CocoaPods installation.\" >&2\n    exit 1\nfi\n# This output is used by Xcode 'outputs' to avoid re-running this script phase.\necho \"SUCCESS\" > \"${SCRIPT_OUTPUT_FILE_0}\"\n";
			showEnvVarsInLog = 0;
		};
		E9A4C6B20D640CDCA30218D2 /* [CP] Check Pods Manifest.lock */ = {
			isa = PBXShellScriptBuildPhase;
			buildActionMask = 2147483647;
			files = (
			);
			inputFileListPaths = (
			);
			inputPaths = (
				"${PODS_PODFILE_DIR_PATH}/Podfile.lock",
				"${PODS_ROOT}/Manifest.lock",
			);
			name = "[CP] Check Pods Manifest.lock";
			outputFileListPaths = (
			);
			outputPaths = (
				"$(DERIVED_FILE_DIR)/Pods-HurbAlpha-HurbAlphaUITests-checkManifestLockResult.txt",
			);
			runOnlyForDeploymentPostprocessing = 0;
			shellPath = /bin/sh;
			shellScript = "diff \"${PODS_PODFILE_DIR_PATH}/Podfile.lock\" \"${PODS_ROOT}/Manifest.lock\" > /dev/null\nif [ $? != 0 ] ; then\n    # print error to STDERR\n    echo \"error: The sandbox is not in sync with the Podfile.lock. Run 'pod install' or update your CocoaPods installation.\" >&2\n    exit 1\nfi\n# This output is used by Xcode 'outputs' to avoid re-running this script phase.\necho \"SUCCESS\" > \"${SCRIPT_OUTPUT_FILE_0}\"\n";
			showEnvVarsInLog = 0;
		};
/* End PBXShellScriptBuildPhase section */

/* Begin PBXSourcesBuildPhase section */
		D58A9EF823707C21005120D2 /* Sources */ = {
			isa = PBXSourcesBuildPhase;
			buildActionMask = 2147483647;
			files = (
				D58A9F0423707C21005120D2 /* HurbViewController.swift in Sources */,
				D58B63E323732E1B0019D9C7 /* FeedSectionType.swift in Sources */,
				D58B63DF2373111B0019D9C7 /* FeedDataSource.swift in Sources */,
				D58B63DC2372FA1B0019D9C7 /* GalleryImage.swift in Sources */,
				D5434D8E2371BD8400060333 /* HurbOffers.swift in Sources */,
				D5D52EA22371DFDF00D86855 /* HurbOffersAPI.swift in Sources */,
				D58B63E523735EBC0019D9C7 /* Address.swift in Sources */,
				D5D52EA42371DFF700D86855 /* HurbAlphaAPI.swift in Sources */,
				D5D52EA02371DFAB00D86855 /* APIRoot.swift in Sources */,
				D58B63E92373624B0019D9C7 /* Price.swift in Sources */,
				D58B63E72373623B0019D9C7 /* Amenities.swift in Sources */,
				D5434D952371BFD600060333 /* NetworkManager.swift in Sources */,
				D58B63E1237311640019D9C7 /* FeedSection.swift in Sources */,
				D58A9F0023707C21005120D2 /* AppDelegate.swift in Sources */,
				D58A9F0223707C21005120D2 /* SceneDelegate.swift in Sources */,
				D5434D902371BDBD00060333 /* HurbTableViewCell.swift in Sources */,
			);
			runOnlyForDeploymentPostprocessing = 0;
		};
		D58A9F0E23707C22005120D2 /* Sources */ = {
			isa = PBXSourcesBuildPhase;
			buildActionMask = 2147483647;
			files = (
				D58A9F1723707C22005120D2 /* HurbAlphaTests.swift in Sources */,
			);
			runOnlyForDeploymentPostprocessing = 0;
		};
		D58A9F1923707C22005120D2 /* Sources */ = {
			isa = PBXSourcesBuildPhase;
			buildActionMask = 2147483647;
			files = (
				D58A9F2223707C22005120D2 /* HurbAlphaUITests.swift in Sources */,
			);
			runOnlyForDeploymentPostprocessing = 0;
		};
/* End PBXSourcesBuildPhase section */

/* Begin PBXTargetDependency section */
		D58A9F1423707C22005120D2 /* PBXTargetDependency */ = {
			isa = PBXTargetDependency;
			target = D58A9EFB23707C21005120D2 /* HurbAlpha */;
			targetProxy = D58A9F1323707C22005120D2 /* PBXContainerItemProxy */;
		};
		D58A9F1F23707C22005120D2 /* PBXTargetDependency */ = {
			isa = PBXTargetDependency;
			target = D58A9EFB23707C21005120D2 /* HurbAlpha */;
			targetProxy = D58A9F1E23707C22005120D2 /* PBXContainerItemProxy */;
		};
/* End PBXTargetDependency section */

/* Begin PBXVariantGroup section */
		D58A9F0523707C21005120D2 /* Main.storyboard */ = {
			isa = PBXVariantGroup;
			children = (
				D58A9F0623707C21005120D2 /* Base */,
			);
			name = Main.storyboard;
			sourceTree = "<group>";
		};
		D58A9F0A23707C22005120D2 /* LaunchScreen.storyboard */ = {
			isa = PBXVariantGroup;
			children = (
				D58A9F0B23707C22005120D2 /* Base */,
			);
			name = LaunchScreen.storyboard;
			sourceTree = "<group>";
		};
/* End PBXVariantGroup section */

/* Begin XCBuildConfiguration section */
		D58A9F2423707C22005120D2 /* Debug */ = {
			isa = XCBuildConfiguration;
			buildSettings = {
				ALWAYS_SEARCH_USER_PATHS = NO;
				CLANG_ANALYZER_NONNULL = YES;
				CLANG_ANALYZER_NUMBER_OBJECT_CONVERSION = YES_AGGRESSIVE;
				CLANG_CXX_LANGUAGE_STANDARD = "gnu++14";
				CLANG_CXX_LIBRARY = "libc++";
				CLANG_ENABLE_MODULES = YES;
				CLANG_ENABLE_OBJC_ARC = YES;
				CLANG_ENABLE_OBJC_WEAK = YES;
				CLANG_WARN_BLOCK_CAPTURE_AUTORELEASING = YES;
				CLANG_WARN_BOOL_CONVERSION = YES;
				CLANG_WARN_COMMA = YES;
				CLANG_WARN_CONSTANT_CONVERSION = YES;
				CLANG_WARN_DEPRECATED_OBJC_IMPLEMENTATIONS = YES;
				CLANG_WARN_DIRECT_OBJC_ISA_USAGE = YES_ERROR;
				CLANG_WARN_DOCUMENTATION_COMMENTS = YES;
				CLANG_WARN_EMPTY_BODY = YES;
				CLANG_WARN_ENUM_CONVERSION = YES;
				CLANG_WARN_INFINITE_RECURSION = YES;
				CLANG_WARN_INT_CONVERSION = YES;
				CLANG_WARN_NON_LITERAL_NULL_CONVERSION = YES;
				CLANG_WARN_OBJC_IMPLICIT_RETAIN_SELF = YES;
				CLANG_WARN_OBJC_LITERAL_CONVERSION = YES;
				CLANG_WARN_OBJC_ROOT_CLASS = YES_ERROR;
				CLANG_WARN_RANGE_LOOP_ANALYSIS = YES;
				CLANG_WARN_STRICT_PROTOTYPES = YES;
				CLANG_WARN_SUSPICIOUS_MOVE = YES;
				CLANG_WARN_UNGUARDED_AVAILABILITY = YES_AGGRESSIVE;
				CLANG_WARN_UNREACHABLE_CODE = YES;
				CLANG_WARN__DUPLICATE_METHOD_MATCH = YES;
				COPY_PHASE_STRIP = NO;
				DEBUG_INFORMATION_FORMAT = dwarf;
				ENABLE_STRICT_OBJC_MSGSEND = YES;
				ENABLE_TESTABILITY = YES;
				GCC_C_LANGUAGE_STANDARD = gnu11;
				GCC_DYNAMIC_NO_PIC = NO;
				GCC_NO_COMMON_BLOCKS = YES;
				GCC_OPTIMIZATION_LEVEL = 0;
				GCC_PREPROCESSOR_DEFINITIONS = (
					"DEBUG=1",
					"$(inherited)",
				);
				GCC_WARN_64_TO_32_BIT_CONVERSION = YES;
				GCC_WARN_ABOUT_RETURN_TYPE = YES_ERROR;
				GCC_WARN_UNDECLARED_SELECTOR = YES;
				GCC_WARN_UNINITIALIZED_AUTOS = YES_AGGRESSIVE;
				GCC_WARN_UNUSED_FUNCTION = YES;
				GCC_WARN_UNUSED_VARIABLE = YES;
				IPHONEOS_DEPLOYMENT_TARGET = 13.1;
				MTL_ENABLE_DEBUG_INFO = INCLUDE_SOURCE;
				MTL_FAST_MATH = YES;
				ONLY_ACTIVE_ARCH = YES;
				SDKROOT = iphoneos;
				SWIFT_ACTIVE_COMPILATION_CONDITIONS = DEBUG;
				SWIFT_OPTIMIZATION_LEVEL = "-Onone";
			};
			name = Debug;
		};
		D58A9F2523707C22005120D2 /* Release */ = {
			isa = XCBuildConfiguration;
			buildSettings = {
				ALWAYS_SEARCH_USER_PATHS = NO;
				CLANG_ANALYZER_NONNULL = YES;
				CLANG_ANALYZER_NUMBER_OBJECT_CONVERSION = YES_AGGRESSIVE;
				CLANG_CXX_LANGUAGE_STANDARD = "gnu++14";
				CLANG_CXX_LIBRARY = "libc++";
				CLANG_ENABLE_MODULES = YES;
				CLANG_ENABLE_OBJC_ARC = YES;
				CLANG_ENABLE_OBJC_WEAK = YES;
				CLANG_WARN_BLOCK_CAPTURE_AUTORELEASING = YES;
				CLANG_WARN_BOOL_CONVERSION = YES;
				CLANG_WARN_COMMA = YES;
				CLANG_WARN_CONSTANT_CONVERSION = YES;
				CLANG_WARN_DEPRECATED_OBJC_IMPLEMENTATIONS = YES;
				CLANG_WARN_DIRECT_OBJC_ISA_USAGE = YES_ERROR;
				CLANG_WARN_DOCUMENTATION_COMMENTS = YES;
				CLANG_WARN_EMPTY_BODY = YES;
				CLANG_WARN_ENUM_CONVERSION = YES;
				CLANG_WARN_INFINITE_RECURSION = YES;
				CLANG_WARN_INT_CONVERSION = YES;
				CLANG_WARN_NON_LITERAL_NULL_CONVERSION = YES;
				CLANG_WARN_OBJC_IMPLICIT_RETAIN_SELF = YES;
				CLANG_WARN_OBJC_LITERAL_CONVERSION = YES;
				CLANG_WARN_OBJC_ROOT_CLASS = YES_ERROR;
				CLANG_WARN_RANGE_LOOP_ANALYSIS = YES;
				CLANG_WARN_STRICT_PROTOTYPES = YES;
				CLANG_WARN_SUSPICIOUS_MOVE = YES;
				CLANG_WARN_UNGUARDED_AVAILABILITY = YES_AGGRESSIVE;
				CLANG_WARN_UNREACHABLE_CODE = YES;
				CLANG_WARN__DUPLICATE_METHOD_MATCH = YES;
				COPY_PHASE_STRIP = NO;
				DEBUG_INFORMATION_FORMAT = "dwarf-with-dsym";
				ENABLE_NS_ASSERTIONS = NO;
				ENABLE_STRICT_OBJC_MSGSEND = YES;
				GCC_C_LANGUAGE_STANDARD = gnu11;
				GCC_NO_COMMON_BLOCKS = YES;
				GCC_WARN_64_TO_32_BIT_CONVERSION = YES;
				GCC_WARN_ABOUT_RETURN_TYPE = YES_ERROR;
				GCC_WARN_UNDECLARED_SELECTOR = YES;
				GCC_WARN_UNINITIALIZED_AUTOS = YES_AGGRESSIVE;
				GCC_WARN_UNUSED_FUNCTION = YES;
				GCC_WARN_UNUSED_VARIABLE = YES;
				IPHONEOS_DEPLOYMENT_TARGET = 13.1;
				MTL_ENABLE_DEBUG_INFO = NO;
				MTL_FAST_MATH = YES;
				SDKROOT = iphoneos;
				SWIFT_COMPILATION_MODE = wholemodule;
				SWIFT_OPTIMIZATION_LEVEL = "-O";
				VALIDATE_PRODUCT = YES;
			};
			name = Release;
		};
		D58A9F2723707C22005120D2 /* Debug */ = {
			isa = XCBuildConfiguration;
			baseConfigurationReference = 53F14DCD5AE28113CD379581 /* Pods-HurbAlpha.debug.xcconfig */;
			buildSettings = {
				ASSETCATALOG_COMPILER_APPICON_NAME = AppIcon;
				CODE_SIGN_STYLE = Automatic;
				DEVELOPMENT_TEAM = 8QJCLMUR75;
				INFOPLIST_FILE = HurbAlpha/Info.plist;
				LD_RUNPATH_SEARCH_PATHS = (
					"$(inherited)",
					"@executable_path/Frameworks",
				);
				PRODUCT_BUNDLE_IDENTIFIER = com.ex.appLegal.HurbAlpha;
				PRODUCT_NAME = "$(TARGET_NAME)";
				SWIFT_VERSION = 5.0;
				TARGETED_DEVICE_FAMILY = "1,2";
			};
			name = Debug;
		};
		D58A9F2823707C22005120D2 /* Release */ = {
			isa = XCBuildConfiguration;
			baseConfigurationReference = 100643EB62A02D1E4436877D /* Pods-HurbAlpha.release.xcconfig */;
			buildSettings = {
				ASSETCATALOG_COMPILER_APPICON_NAME = AppIcon;
				CODE_SIGN_STYLE = Automatic;
				DEVELOPMENT_TEAM = 8QJCLMUR75;
				INFOPLIST_FILE = HurbAlpha/Info.plist;
				LD_RUNPATH_SEARCH_PATHS = (
					"$(inherited)",
					"@executable_path/Frameworks",
				);
				PRODUCT_BUNDLE_IDENTIFIER = com.ex.appLegal.HurbAlpha;
				PRODUCT_NAME = "$(TARGET_NAME)";
				SWIFT_VERSION = 5.0;
				TARGETED_DEVICE_FAMILY = "1,2";
			};
			name = Release;
		};
		D58A9F2A23707C22005120D2 /* Debug */ = {
			isa = XCBuildConfiguration;
			baseConfigurationReference = 48F899236F4377F1E8D25958 /* Pods-HurbAlphaTests.debug.xcconfig */;
			buildSettings = {
				ALWAYS_EMBED_SWIFT_STANDARD_LIBRARIES = YES;
				BUNDLE_LOADER = "$(TEST_HOST)";
				CODE_SIGN_STYLE = Automatic;
				DEVELOPMENT_TEAM = 8QJCLMUR75;
				INFOPLIST_FILE = HurbAlphaTests/Info.plist;
				IPHONEOS_DEPLOYMENT_TARGET = 13.1;
				LD_RUNPATH_SEARCH_PATHS = (
					"$(inherited)",
					"@executable_path/Frameworks",
					"@loader_path/Frameworks",
				);
				PRODUCT_BUNDLE_IDENTIFIER = com.ex.appLegal.HurbAlphaTests;
				PRODUCT_NAME = "$(TARGET_NAME)";
				SWIFT_VERSION = 5.0;
				TARGETED_DEVICE_FAMILY = "1,2";
				TEST_HOST = "$(BUILT_PRODUCTS_DIR)/HurbAlpha.app/HurbAlpha";
			};
			name = Debug;
		};
		D58A9F2B23707C22005120D2 /* Release */ = {
			isa = XCBuildConfiguration;
			baseConfigurationReference = B1143C9437A822215C850A3F /* Pods-HurbAlphaTests.release.xcconfig */;
			buildSettings = {
				ALWAYS_EMBED_SWIFT_STANDARD_LIBRARIES = YES;
				BUNDLE_LOADER = "$(TEST_HOST)";
				CODE_SIGN_STYLE = Automatic;
				DEVELOPMENT_TEAM = 8QJCLMUR75;
				INFOPLIST_FILE = HurbAlphaTests/Info.plist;
				IPHONEOS_DEPLOYMENT_TARGET = 13.1;
				LD_RUNPATH_SEARCH_PATHS = (
					"$(inherited)",
					"@executable_path/Frameworks",
					"@loader_path/Frameworks",
				);
				PRODUCT_BUNDLE_IDENTIFIER = com.ex.appLegal.HurbAlphaTests;
				PRODUCT_NAME = "$(TARGET_NAME)";
				SWIFT_VERSION = 5.0;
				TARGETED_DEVICE_FAMILY = "1,2";
				TEST_HOST = "$(BUILT_PRODUCTS_DIR)/HurbAlpha.app/HurbAlpha";
			};
			name = Release;
		};
		D58A9F2D23707C22005120D2 /* Debug */ = {
			isa = XCBuildConfiguration;
			baseConfigurationReference = F3AFACFAD7C99527902E9B12 /* Pods-HurbAlpha-HurbAlphaUITests.debug.xcconfig */;
			buildSettings = {
				ALWAYS_EMBED_SWIFT_STANDARD_LIBRARIES = YES;
				CODE_SIGN_STYLE = Automatic;
				DEVELOPMENT_TEAM = 8QJCLMUR75;
				INFOPLIST_FILE = HurbAlphaUITests/Info.plist;
				LD_RUNPATH_SEARCH_PATHS = (
					"$(inherited)",
					"@executable_path/Frameworks",
					"@loader_path/Frameworks",
				);
				PRODUCT_BUNDLE_IDENTIFIER = com.ex.appLegal.HurbAlphaUITests;
				PRODUCT_NAME = "$(TARGET_NAME)";
				SWIFT_VERSION = 5.0;
				TARGETED_DEVICE_FAMILY = "1,2";
				TEST_TARGET_NAME = HurbAlpha;
			};
			name = Debug;
		};
		D58A9F2E23707C22005120D2 /* Release */ = {
			isa = XCBuildConfiguration;
			baseConfigurationReference = F6AA846F62D66BDA4BA01E99 /* Pods-HurbAlpha-HurbAlphaUITests.release.xcconfig */;
			buildSettings = {
				ALWAYS_EMBED_SWIFT_STANDARD_LIBRARIES = YES;
				CODE_SIGN_STYLE = Automatic;
				DEVELOPMENT_TEAM = 8QJCLMUR75;
				INFOPLIST_FILE = HurbAlphaUITests/Info.plist;
				LD_RUNPATH_SEARCH_PATHS = (
					"$(inherited)",
					"@executable_path/Frameworks",
					"@loader_path/Frameworks",
				);
				PRODUCT_BUNDLE_IDENTIFIER = com.ex.appLegal.HurbAlphaUITests;
				PRODUCT_NAME = "$(TARGET_NAME)";
				SWIFT_VERSION = 5.0;
				TARGETED_DEVICE_FAMILY = "1,2";
				TEST_TARGET_NAME = HurbAlpha;
			};
			name = Release;
		};
/* End XCBuildConfiguration section */

/* Begin XCConfigurationList section */
		D58A9EF723707C21005120D2 /* Build configuration list for PBXProject "HurbAlpha" */ = {
			isa = XCConfigurationList;
			buildConfigurations = (
				D58A9F2423707C22005120D2 /* Debug */,
				D58A9F2523707C22005120D2 /* Release */,
			);
			defaultConfigurationIsVisible = 0;
			defaultConfigurationName = Release;
		};
		D58A9F2623707C22005120D2 /* Build configuration list for PBXNativeTarget "HurbAlpha" */ = {
			isa = XCConfigurationList;
			buildConfigurations = (
				D58A9F2723707C22005120D2 /* Debug */,
				D58A9F2823707C22005120D2 /* Release */,
			);
			defaultConfigurationIsVisible = 0;
			defaultConfigurationName = Release;
		};
		D58A9F2923707C22005120D2 /* Build configuration list for PBXNativeTarget "HurbAlphaTests" */ = {
			isa = XCConfigurationList;
			buildConfigurations = (
				D58A9F2A23707C22005120D2 /* Debug */,
				D58A9F2B23707C22005120D2 /* Release */,
			);
			defaultConfigurationIsVisible = 0;
			defaultConfigurationName = Release;
		};
		D58A9F2C23707C22005120D2 /* Build configuration list for PBXNativeTarget "HurbAlphaUITests" */ = {
			isa = XCConfigurationList;
			buildConfigurations = (
				D58A9F2D23707C22005120D2 /* Debug */,
				D58A9F2E23707C22005120D2 /* Release */,
			);
			defaultConfigurationIsVisible = 0;
			defaultConfigurationName = Release;
		};
/* End XCConfigurationList section */
	};
	rootObject = D58A9EF423707C21005120D2 /* Project object */;
}
