// !$*UTF8*$!
{
	archiveVersion = 1;
	classes = {
	};
	objectVersion = 51;
	objects = {

/* Begin PBXBuildFile section */
		1C31B22D3AFB99A8DE104BFA /* Pods_Hurb_AlphaTests.framework in Frameworks */ = {isa = PBXBuildFile; fileRef = BC3FD3BC772708BFF29925B3 /* Pods_Hurb_AlphaTests.framework */; };
		785925A586558F993C114E17 /* Pods_Hurb_Alpha.framework in Frameworks */ = {isa = PBXBuildFile; fileRef = BF7CCBAA8FEC12FBF181AA67 /* Pods_Hurb_Alpha.framework */; };
		AF4AA66024CA3B2C0027BE87 /* AppDelegate.swift in Sources */ = {isa = PBXBuildFile; fileRef = AF4AA65F24CA3B2C0027BE87 /* AppDelegate.swift */; };
		AF4AA66924CA3B2E0027BE87 /* Assets.xcassets in Resources */ = {isa = PBXBuildFile; fileRef = AF4AA66824CA3B2E0027BE87 /* Assets.xcassets */; };
		AF4AA66C24CA3B2E0027BE87 /* LaunchScreen.storyboard in Resources */ = {isa = PBXBuildFile; fileRef = AF4AA66A24CA3B2E0027BE87 /* LaunchScreen.storyboard */; };
		AF4AA67724CA3B2E0027BE87 /* Hurb_AlphaTests.swift in Sources */ = {isa = PBXBuildFile; fileRef = AF4AA67624CA3B2E0027BE87 /* Hurb_AlphaTests.swift */; };
		AF4AA68A24CA429E0027BE87 /* HomeViewController.swift in Sources */ = {isa = PBXBuildFile; fileRef = AF4AA68924CA429E0027BE87 /* HomeViewController.swift */; };
		AF4AA68C24CA42A70027BE87 /* HomeViewModel.swift in Sources */ = {isa = PBXBuildFile; fileRef = AF4AA68B24CA42A70027BE87 /* HomeViewModel.swift */; };
		AF4AA69024CA432B0027BE87 /* BaseViewController.swift in Sources */ = {isa = PBXBuildFile; fileRef = AF4AA68F24CA432B0027BE87 /* BaseViewController.swift */; };
		AF4AA69224CA438C0027BE87 /* RootViewCoordinator.swift in Sources */ = {isa = PBXBuildFile; fileRef = AF4AA69124CA438C0027BE87 /* RootViewCoordinator.swift */; };
		AF4AA69424CA43B40027BE87 /* AppCoordinator.swift in Sources */ = {isa = PBXBuildFile; fileRef = AF4AA69324CA43B40027BE87 /* AppCoordinator.swift */; };
		AF4AA69624CA43D70027BE87 /* Coordinator.swift in Sources */ = {isa = PBXBuildFile; fileRef = AF4AA69524CA43D70027BE87 /* Coordinator.swift */; };
		AF4AA69A24CA612F0027BE87 /* UIColor.swift in Sources */ = {isa = PBXBuildFile; fileRef = AF4AA69924CA612F0027BE87 /* UIColor.swift */; };
		AF4AA69D24CA61F40027BE87 /* HANavBar.swift in Sources */ = {isa = PBXBuildFile; fileRef = AF4AA69C24CA61F40027BE87 /* HANavBar.swift */; };
/* End PBXBuildFile section */

/* Begin PBXContainerItemProxy section */
		AF4AA67324CA3B2E0027BE87 /* PBXContainerItemProxy */ = {
			isa = PBXContainerItemProxy;
			containerPortal = AF4AA65424CA3B2B0027BE87 /* Project object */;
			proxyType = 1;
			remoteGlobalIDString = AF4AA65B24CA3B2C0027BE87;
			remoteInfo = "Hurb Alpha";
		};
/* End PBXContainerItemProxy section */

/* Begin PBXFileReference section */
		5C86BAAA61D893BE2AE99179 /* Pods-Hurb Alpha.debug.xcconfig */ = {isa = PBXFileReference; includeInIndex = 1; lastKnownFileType = text.xcconfig; name = "Pods-Hurb Alpha.debug.xcconfig"; path = "Target Support Files/Pods-Hurb Alpha/Pods-Hurb Alpha.debug.xcconfig"; sourceTree = "<group>"; };
		6F2F6B10323491E2FF51EDD2 /* Pods-Hurb Alpha.release.xcconfig */ = {isa = PBXFileReference; includeInIndex = 1; lastKnownFileType = text.xcconfig; name = "Pods-Hurb Alpha.release.xcconfig"; path = "Target Support Files/Pods-Hurb Alpha/Pods-Hurb Alpha.release.xcconfig"; sourceTree = "<group>"; };
		831ACAF67A0ACE9DD8C0D344 /* Pods-Hurb AlphaTests.debug.xcconfig */ = {isa = PBXFileReference; includeInIndex = 1; lastKnownFileType = text.xcconfig; name = "Pods-Hurb AlphaTests.debug.xcconfig"; path = "Target Support Files/Pods-Hurb AlphaTests/Pods-Hurb AlphaTests.debug.xcconfig"; sourceTree = "<group>"; };
		ACA703E7758D53347DB8319F /* Pods-Hurb AlphaTests.release.xcconfig */ = {isa = PBXFileReference; includeInIndex = 1; lastKnownFileType = text.xcconfig; name = "Pods-Hurb AlphaTests.release.xcconfig"; path = "Target Support Files/Pods-Hurb AlphaTests/Pods-Hurb AlphaTests.release.xcconfig"; sourceTree = "<group>"; };
		AF4AA65C24CA3B2C0027BE87 /* Hurb Alpha.app */ = {isa = PBXFileReference; explicitFileType = wrapper.application; includeInIndex = 0; path = "Hurb Alpha.app"; sourceTree = BUILT_PRODUCTS_DIR; };
		AF4AA65F24CA3B2C0027BE87 /* AppDelegate.swift */ = {isa = PBXFileReference; lastKnownFileType = sourcecode.swift; path = AppDelegate.swift; sourceTree = "<group>"; };
		AF4AA66824CA3B2E0027BE87 /* Assets.xcassets */ = {isa = PBXFileReference; lastKnownFileType = folder.assetcatalog; path = Assets.xcassets; sourceTree = "<group>"; };
		AF4AA66B24CA3B2E0027BE87 /* Base */ = {isa = PBXFileReference; lastKnownFileType = file.storyboard; name = Base; path = Base.lproj/LaunchScreen.storyboard; sourceTree = "<group>"; };
		AF4AA66D24CA3B2E0027BE87 /* Info.plist */ = {isa = PBXFileReference; lastKnownFileType = text.plist.xml; path = Info.plist; sourceTree = "<group>"; };
		AF4AA67224CA3B2E0027BE87 /* Hurb AlphaTests.xctest */ = {isa = PBXFileReference; explicitFileType = wrapper.cfbundle; includeInIndex = 0; path = "Hurb AlphaTests.xctest"; sourceTree = BUILT_PRODUCTS_DIR; };
		AF4AA67624CA3B2E0027BE87 /* Hurb_AlphaTests.swift */ = {isa = PBXFileReference; lastKnownFileType = sourcecode.swift; path = Hurb_AlphaTests.swift; sourceTree = "<group>"; };
		AF4AA67824CA3B2E0027BE87 /* Info.plist */ = {isa = PBXFileReference; lastKnownFileType = text.plist.xml; path = Info.plist; sourceTree = "<group>"; };
		AF4AA68924CA429E0027BE87 /* HomeViewController.swift */ = {isa = PBXFileReference; lastKnownFileType = sourcecode.swift; path = HomeViewController.swift; sourceTree = "<group>"; };
		AF4AA68B24CA42A70027BE87 /* HomeViewModel.swift */ = {isa = PBXFileReference; lastKnownFileType = sourcecode.swift; path = HomeViewModel.swift; sourceTree = "<group>"; };
		AF4AA68F24CA432B0027BE87 /* BaseViewController.swift */ = {isa = PBXFileReference; lastKnownFileType = sourcecode.swift; path = BaseViewController.swift; sourceTree = "<group>"; };
		AF4AA69124CA438C0027BE87 /* RootViewCoordinator.swift */ = {isa = PBXFileReference; lastKnownFileType = sourcecode.swift; path = RootViewCoordinator.swift; sourceTree = "<group>"; };
		AF4AA69324CA43B40027BE87 /* AppCoordinator.swift */ = {isa = PBXFileReference; lastKnownFileType = sourcecode.swift; path = AppCoordinator.swift; sourceTree = "<group>"; };
		AF4AA69524CA43D70027BE87 /* Coordinator.swift */ = {isa = PBXFileReference; lastKnownFileType = sourcecode.swift; path = Coordinator.swift; sourceTree = "<group>"; };
		AF4AA69924CA612F0027BE87 /* UIColor.swift */ = {isa = PBXFileReference; lastKnownFileType = sourcecode.swift; path = UIColor.swift; sourceTree = "<group>"; };
		AF4AA69C24CA61F40027BE87 /* HANavBar.swift */ = {isa = PBXFileReference; lastKnownFileType = sourcecode.swift; path = HANavBar.swift; sourceTree = "<group>"; };
		BC3FD3BC772708BFF29925B3 /* Pods_Hurb_AlphaTests.framework */ = {isa = PBXFileReference; explicitFileType = wrapper.framework; includeInIndex = 0; path = Pods_Hurb_AlphaTests.framework; sourceTree = BUILT_PRODUCTS_DIR; };
		BF7CCBAA8FEC12FBF181AA67 /* Pods_Hurb_Alpha.framework */ = {isa = PBXFileReference; explicitFileType = wrapper.framework; includeInIndex = 0; path = Pods_Hurb_Alpha.framework; sourceTree = BUILT_PRODUCTS_DIR; };
/* End PBXFileReference section */

/* Begin PBXFrameworksBuildPhase section */
		AF4AA65924CA3B2C0027BE87 /* Frameworks */ = {
			isa = PBXFrameworksBuildPhase;
			buildActionMask = 2147483647;
			files = (
				785925A586558F993C114E17 /* Pods_Hurb_Alpha.framework in Frameworks */,
			);
			runOnlyForDeploymentPostprocessing = 0;
		};
		AF4AA66F24CA3B2E0027BE87 /* Frameworks */ = {
			isa = PBXFrameworksBuildPhase;
			buildActionMask = 2147483647;
			files = (
				1C31B22D3AFB99A8DE104BFA /* Pods_Hurb_AlphaTests.framework in Frameworks */,
			);
			runOnlyForDeploymentPostprocessing = 0;
		};
/* End PBXFrameworksBuildPhase section */

/* Begin PBXGroup section */
		1240D27F292DB6D00598EC96 /* Pods */ = {
			isa = PBXGroup;
			children = (
				5C86BAAA61D893BE2AE99179 /* Pods-Hurb Alpha.debug.xcconfig */,
				6F2F6B10323491E2FF51EDD2 /* Pods-Hurb Alpha.release.xcconfig */,
				831ACAF67A0ACE9DD8C0D344 /* Pods-Hurb AlphaTests.debug.xcconfig */,
				ACA703E7758D53347DB8319F /* Pods-Hurb AlphaTests.release.xcconfig */,
			);
			path = Pods;
			sourceTree = "<group>";
		};
		AF4AA65324CA3B2B0027BE87 = {
			isa = PBXGroup;
			children = (
				AF4AA65E24CA3B2C0027BE87 /* Hurb Alpha */,
				AF4AA67524CA3B2E0027BE87 /* Hurb AlphaTests */,
				AF4AA65D24CA3B2C0027BE87 /* Products */,
				1240D27F292DB6D00598EC96 /* Pods */,
				EE987C2ACA1A22199CFA5C46 /* Frameworks */,
			);
			sourceTree = "<group>";
		};
		AF4AA65D24CA3B2C0027BE87 /* Products */ = {
			isa = PBXGroup;
			children = (
				AF4AA65C24CA3B2C0027BE87 /* Hurb Alpha.app */,
				AF4AA67224CA3B2E0027BE87 /* Hurb AlphaTests.xctest */,
			);
			name = Products;
			sourceTree = "<group>";
		};
		AF4AA65E24CA3B2C0027BE87 /* Hurb Alpha */ = {
			isa = PBXGroup;
			children = (
				AF4AA69B24CA61AA0027BE87 /* Views */,
				AF4AA69724CA44080027BE87 /* Utils */,
				AF4AA68824CA41F70027BE87 /* Core */,
				AF4AA68524CA41E10027BE87 /* Resources */,
				AF4AA68424CA41C60027BE87 /* Network */,
				AF4AA68324CA41B20027BE87 /* Screens */,
				AF4AA68224CA41AD0027BE87 /* Models */,
				AF4AA68124CA41A00027BE87 /* Coordinators */,
				AF4AA66D24CA3B2E0027BE87 /* Info.plist */,
			);
			path = "Hurb Alpha";
			sourceTree = "<group>";
		};
		AF4AA67524CA3B2E0027BE87 /* Hurb AlphaTests */ = {
			isa = PBXGroup;
			children = (
				AF4AA67624CA3B2E0027BE87 /* Hurb_AlphaTests.swift */,
				AF4AA67824CA3B2E0027BE87 /* Info.plist */,
			);
			path = "Hurb AlphaTests";
			sourceTree = "<group>";
		};
		AF4AA68124CA41A00027BE87 /* Coordinators */ = {
			isa = PBXGroup;
			children = (
				AF4AA69124CA438C0027BE87 /* RootViewCoordinator.swift */,
				AF4AA69324CA43B40027BE87 /* AppCoordinator.swift */,
				AF4AA69524CA43D70027BE87 /* Coordinator.swift */,
			);
			path = Coordinators;
			sourceTree = "<group>";
		};
		AF4AA68224CA41AD0027BE87 /* Models */ = {
			isa = PBXGroup;
			children = (
			);
			path = Models;
			sourceTree = "<group>";
		};
		AF4AA68324CA41B20027BE87 /* Screens */ = {
			isa = PBXGroup;
			children = (
				AF4AA68E24CA43190027BE87 /* Base */,
				AF4AA68D24CA42FB0027BE87 /* Home */,
			);
			path = Screens;
			sourceTree = "<group>";
		};
		AF4AA68424CA41C60027BE87 /* Network */ = {
			isa = PBXGroup;
			children = (
			);
			path = Network;
			sourceTree = "<group>";
		};
		AF4AA68524CA41E10027BE87 /* Resources */ = {
			isa = PBXGroup;
			children = (
				AF4AA68724CA41EA0027BE87 /* Storyboards */,
				AF4AA68624CA41E60027BE87 /* Images */,
			);
			path = Resources;
			sourceTree = "<group>";
		};
		AF4AA68624CA41E60027BE87 /* Images */ = {
			isa = PBXGroup;
			children = (
				AF4AA66824CA3B2E0027BE87 /* Assets.xcassets */,
			);
			path = Images;
			sourceTree = "<group>";
		};
		AF4AA68724CA41EA0027BE87 /* Storyboards */ = {
			isa = PBXGroup;
			children = (
				AF4AA66A24CA3B2E0027BE87 /* LaunchScreen.storyboard */,
			);
			path = Storyboards;
			sourceTree = "<group>";
		};
		AF4AA68824CA41F70027BE87 /* Core */ = {
			isa = PBXGroup;
			children = (
				AF4AA65F24CA3B2C0027BE87 /* AppDelegate.swift */,
			);
			path = Core;
			sourceTree = "<group>";
		};
		AF4AA68D24CA42FB0027BE87 /* Home */ = {
			isa = PBXGroup;
			children = (
				AF4AA68924CA429E0027BE87 /* HomeViewController.swift */,
				AF4AA68B24CA42A70027BE87 /* HomeViewModel.swift */,
			);
			path = Home;
			sourceTree = "<group>";
		};
		AF4AA68E24CA43190027BE87 /* Base */ = {
			isa = PBXGroup;
			children = (
				AF4AA68F24CA432B0027BE87 /* BaseViewController.swift */,
			);
			path = Base;
			sourceTree = "<group>";
		};
		AF4AA69724CA44080027BE87 /* Utils */ = {
			isa = PBXGroup;
			children = (
				AF4AA69824CA61250027BE87 /* Extensions */,
			);
			path = Utils;
			sourceTree = "<group>";
		};
		AF4AA69824CA61250027BE87 /* Extensions */ = {
			isa = PBXGroup;
			children = (
				AF4AA69924CA612F0027BE87 /* UIColor.swift */,
			);
			path = Extensions;
			sourceTree = "<group>";
		};
		AF4AA69B24CA61AA0027BE87 /* Views */ = {
			isa = PBXGroup;
			children = (
				AF4AA69C24CA61F40027BE87 /* HANavBar.swift */,
			);
			path = Views;
			sourceTree = "<group>";
		};
		EE987C2ACA1A22199CFA5C46 /* Frameworks */ = {
			isa = PBXGroup;
			children = (
				BF7CCBAA8FEC12FBF181AA67 /* Pods_Hurb_Alpha.framework */,
				BC3FD3BC772708BFF29925B3 /* Pods_Hurb_AlphaTests.framework */,
			);
			name = Frameworks;
			sourceTree = "<group>";
		};
/* End PBXGroup section */

/* Begin PBXNativeTarget section */
		AF4AA65B24CA3B2C0027BE87 /* Hurb Alpha */ = {
			isa = PBXNativeTarget;
			buildConfigurationList = AF4AA67B24CA3B2E0027BE87 /* Build configuration list for PBXNativeTarget "Hurb Alpha" */;
			buildPhases = (
				9F8D8F20F322E21649A30EC2 /* [CP] Check Pods Manifest.lock */,
				AF4AA65824CA3B2C0027BE87 /* Sources */,
				AF4AA65924CA3B2C0027BE87 /* Frameworks */,
				AF4AA65A24CA3B2C0027BE87 /* Resources */,
				3A5FE6610BE12BF4F763746A /* [CP] Embed Pods Frameworks */,
			);
			buildRules = (
			);
			dependencies = (
			);
			name = "Hurb Alpha";
			productName = "Hurb Alpha";
			productReference = AF4AA65C24CA3B2C0027BE87 /* Hurb Alpha.app */;
			productType = "com.apple.product-type.application";
		};
		AF4AA67124CA3B2E0027BE87 /* Hurb AlphaTests */ = {
			isa = PBXNativeTarget;
			buildConfigurationList = AF4AA67E24CA3B2E0027BE87 /* Build configuration list for PBXNativeTarget "Hurb AlphaTests" */;
			buildPhases = (
				711DF6AE2FAACE6E0512532C /* [CP] Check Pods Manifest.lock */,
				AF4AA66E24CA3B2E0027BE87 /* Sources */,
				AF4AA66F24CA3B2E0027BE87 /* Frameworks */,
				AF4AA67024CA3B2E0027BE87 /* Resources */,
			);
			buildRules = (
			);
			dependencies = (
				AF4AA67424CA3B2E0027BE87 /* PBXTargetDependency */,
			);
			name = "Hurb AlphaTests";
			productName = "Hurb AlphaTests";
			productReference = AF4AA67224CA3B2E0027BE87 /* Hurb AlphaTests.xctest */;
			productType = "com.apple.product-type.bundle.unit-test";
		};
/* End PBXNativeTarget section */

/* Begin PBXProject section */
		AF4AA65424CA3B2B0027BE87 /* Project object */ = {
			isa = PBXProject;
			attributes = {
				LastSwiftUpdateCheck = 1140;
				LastUpgradeCheck = 1140;
				ORGANIZATIONNAME = objectivesev;
				TargetAttributes = {
					AF4AA65B24CA3B2C0027BE87 = {
						CreatedOnToolsVersion = 11.4.1;
					};
					AF4AA67124CA3B2E0027BE87 = {
						CreatedOnToolsVersion = 11.4.1;
						TestTargetID = AF4AA65B24CA3B2C0027BE87;
					};
				};
			};
			buildConfigurationList = AF4AA65724CA3B2B0027BE87 /* Build configuration list for PBXProject "Hurb Alpha" */;
			compatibilityVersion = "Xcode 9.3";
			developmentRegion = en;
			hasScannedForEncodings = 0;
			knownRegions = (
				en,
				Base,
			);
			mainGroup = AF4AA65324CA3B2B0027BE87;
			productRefGroup = AF4AA65D24CA3B2C0027BE87 /* Products */;
			projectDirPath = "";
			projectRoot = "";
			targets = (
				AF4AA65B24CA3B2C0027BE87 /* Hurb Alpha */,
				AF4AA67124CA3B2E0027BE87 /* Hurb AlphaTests */,
			);
		};
/* End PBXProject section */

/* Begin PBXResourcesBuildPhase section */
		AF4AA65A24CA3B2C0027BE87 /* Resources */ = {
			isa = PBXResourcesBuildPhase;
			buildActionMask = 2147483647;
			files = (
				AF4AA66C24CA3B2E0027BE87 /* LaunchScreen.storyboard in Resources */,
				AF4AA66924CA3B2E0027BE87 /* Assets.xcassets in Resources */,
			);
			runOnlyForDeploymentPostprocessing = 0;
		};
		AF4AA67024CA3B2E0027BE87 /* Resources */ = {
			isa = PBXResourcesBuildPhase;
			buildActionMask = 2147483647;
			files = (
			);
			runOnlyForDeploymentPostprocessing = 0;
		};
/* End PBXResourcesBuildPhase section */

/* Begin PBXShellScriptBuildPhase section */
		3A5FE6610BE12BF4F763746A /* [CP] Embed Pods Frameworks */ = {
			isa = PBXShellScriptBuildPhase;
			buildActionMask = 2147483647;
			files = (
			);
			inputFileListPaths = (
				"${PODS_ROOT}/Target Support Files/Pods-Hurb Alpha/Pods-Hurb Alpha-frameworks-${CONFIGURATION}-input-files.xcfilelist",
			);
			name = "[CP] Embed Pods Frameworks";
			outputFileListPaths = (
				"${PODS_ROOT}/Target Support Files/Pods-Hurb Alpha/Pods-Hurb Alpha-frameworks-${CONFIGURATION}-output-files.xcfilelist",
			);
			runOnlyForDeploymentPostprocessing = 0;
			shellPath = /bin/sh;
			shellScript = "\"${PODS_ROOT}/Target Support Files/Pods-Hurb Alpha/Pods-Hurb Alpha-frameworks.sh\"\n";
			showEnvVarsInLog = 0;
		};
		711DF6AE2FAACE6E0512532C /* [CP] Check Pods Manifest.lock */ = {
			isa = PBXShellScriptBuildPhase;
			buildActionMask = 2147483647;
			files = (
			);
			inputFileListPaths = (
			);
			inputPaths = (
				"${PODS_PODFILE_DIR_PATH}/Podfile.lock",
				"${PODS_ROOT}/Manifest.lock",
			);
			name = "[CP] Check Pods Manifest.lock";
			outputFileListPaths = (
			);
			outputPaths = (
				"$(DERIVED_FILE_DIR)/Pods-Hurb AlphaTests-checkManifestLockResult.txt",
			);
			runOnlyForDeploymentPostprocessing = 0;
			shellPath = /bin/sh;
			shellScript = "diff \"${PODS_PODFILE_DIR_PATH}/Podfile.lock\" \"${PODS_ROOT}/Manifest.lock\" > /dev/null\nif [ $? != 0 ] ; then\n    # print error to STDERR\n    echo \"error: The sandbox is not in sync with the Podfile.lock. Run 'pod install' or update your CocoaPods installation.\" >&2\n    exit 1\nfi\n# This output is used by Xcode 'outputs' to avoid re-running this script phase.\necho \"SUCCESS\" > \"${SCRIPT_OUTPUT_FILE_0}\"\n";
			showEnvVarsInLog = 0;
		};
		9F8D8F20F322E21649A30EC2 /* [CP] Check Pods Manifest.lock */ = {
			isa = PBXShellScriptBuildPhase;
			buildActionMask = 2147483647;
			files = (
			);
			inputFileListPaths = (
			);
			inputPaths = (
				"${PODS_PODFILE_DIR_PATH}/Podfile.lock",
				"${PODS_ROOT}/Manifest.lock",
			);
			name = "[CP] Check Pods Manifest.lock";
			outputFileListPaths = (
			);
			outputPaths = (
				"$(DERIVED_FILE_DIR)/Pods-Hurb Alpha-checkManifestLockResult.txt",
			);
			runOnlyForDeploymentPostprocessing = 0;
			shellPath = /bin/sh;
			shellScript = "diff \"${PODS_PODFILE_DIR_PATH}/Podfile.lock\" \"${PODS_ROOT}/Manifest.lock\" > /dev/null\nif [ $? != 0 ] ; then\n    # print error to STDERR\n    echo \"error: The sandbox is not in sync with the Podfile.lock. Run 'pod install' or update your CocoaPods installation.\" >&2\n    exit 1\nfi\n# This output is used by Xcode 'outputs' to avoid re-running this script phase.\necho \"SUCCESS\" > \"${SCRIPT_OUTPUT_FILE_0}\"\n";
			showEnvVarsInLog = 0;
		};
/* End PBXShellScriptBuildPhase section */

/* Begin PBXSourcesBuildPhase section */
		AF4AA65824CA3B2C0027BE87 /* Sources */ = {
			isa = PBXSourcesBuildPhase;
			buildActionMask = 2147483647;
			files = (
				AF4AA69D24CA61F40027BE87 /* HANavBar.swift in Sources */,
				AF4AA69624CA43D70027BE87 /* Coordinator.swift in Sources */,
				AF4AA69024CA432B0027BE87 /* BaseViewController.swift in Sources */,
				AF4AA69224CA438C0027BE87 /* RootViewCoordinator.swift in Sources */,
				AF4AA66024CA3B2C0027BE87 /* AppDelegate.swift in Sources */,
				AF4AA68C24CA42A70027BE87 /* HomeViewModel.swift in Sources */,
				AF4AA69A24CA612F0027BE87 /* UIColor.swift in Sources */,
				AF4AA68A24CA429E0027BE87 /* HomeViewController.swift in Sources */,
				AF4AA69424CA43B40027BE87 /* AppCoordinator.swift in Sources */,
			);
			runOnlyForDeploymentPostprocessing = 0;
		};
		AF4AA66E24CA3B2E0027BE87 /* Sources */ = {
			isa = PBXSourcesBuildPhase;
			buildActionMask = 2147483647;
			files = (
				AF4AA67724CA3B2E0027BE87 /* Hurb_AlphaTests.swift in Sources */,
			);
			runOnlyForDeploymentPostprocessing = 0;
		};
/* End PBXSourcesBuildPhase section */

/* Begin PBXTargetDependency section */
		AF4AA67424CA3B2E0027BE87 /* PBXTargetDependency */ = {
			isa = PBXTargetDependency;
			target = AF4AA65B24CA3B2C0027BE87 /* Hurb Alpha */;
			targetProxy = AF4AA67324CA3B2E0027BE87 /* PBXContainerItemProxy */;
		};
/* End PBXTargetDependency section */

/* Begin PBXVariantGroup section */
		AF4AA66A24CA3B2E0027BE87 /* LaunchScreen.storyboard */ = {
			isa = PBXVariantGroup;
			children = (
				AF4AA66B24CA3B2E0027BE87 /* Base */,
			);
			name = LaunchScreen.storyboard;
			sourceTree = "<group>";
		};
/* End PBXVariantGroup section */

/* Begin XCBuildConfiguration section */
		AF4AA67924CA3B2E0027BE87 /* Debug */ = {
			isa = XCBuildConfiguration;
			buildSettings = {
				ALWAYS_SEARCH_USER_PATHS = NO;
				CLANG_ANALYZER_NONNULL = YES;
				CLANG_ANALYZER_NUMBER_OBJECT_CONVERSION = YES_AGGRESSIVE;
				CLANG_CXX_LANGUAGE_STANDARD = "gnu++14";
				CLANG_CXX_LIBRARY = "libc++";
				CLANG_ENABLE_MODULES = YES;
				CLANG_ENABLE_OBJC_ARC = YES;
				CLANG_ENABLE_OBJC_WEAK = YES;
				CLANG_WARN_BLOCK_CAPTURE_AUTORELEASING = YES;
				CLANG_WARN_BOOL_CONVERSION = YES;
				CLANG_WARN_COMMA = YES;
				CLANG_WARN_CONSTANT_CONVERSION = YES;
				CLANG_WARN_DEPRECATED_OBJC_IMPLEMENTATIONS = YES;
				CLANG_WARN_DIRECT_OBJC_ISA_USAGE = YES_ERROR;
				CLANG_WARN_DOCUMENTATION_COMMENTS = YES;
				CLANG_WARN_EMPTY_BODY = YES;
				CLANG_WARN_ENUM_CONVERSION = YES;
				CLANG_WARN_INFINITE_RECURSION = YES;
				CLANG_WARN_INT_CONVERSION = YES;
				CLANG_WARN_NON_LITERAL_NULL_CONVERSION = YES;
				CLANG_WARN_OBJC_IMPLICIT_RETAIN_SELF = YES;
				CLANG_WARN_OBJC_LITERAL_CONVERSION = YES;
				CLANG_WARN_OBJC_ROOT_CLASS = YES_ERROR;
				CLANG_WARN_RANGE_LOOP_ANALYSIS = YES;
				CLANG_WARN_STRICT_PROTOTYPES = YES;
				CLANG_WARN_SUSPICIOUS_MOVE = YES;
				CLANG_WARN_UNGUARDED_AVAILABILITY = YES_AGGRESSIVE;
				CLANG_WARN_UNREACHABLE_CODE = YES;
				CLANG_WARN__DUPLICATE_METHOD_MATCH = YES;
				COPY_PHASE_STRIP = NO;
				DEBUG_INFORMATION_FORMAT = dwarf;
				ENABLE_STRICT_OBJC_MSGSEND = YES;
				ENABLE_TESTABILITY = YES;
				GCC_C_LANGUAGE_STANDARD = gnu11;
				GCC_DYNAMIC_NO_PIC = NO;
				GCC_NO_COMMON_BLOCKS = YES;
				GCC_OPTIMIZATION_LEVEL = 0;
				GCC_PREPROCESSOR_DEFINITIONS = (
					"DEBUG=1",
					"$(inherited)",
				);
				GCC_WARN_64_TO_32_BIT_CONVERSION = YES;
				GCC_WARN_ABOUT_RETURN_TYPE = YES_ERROR;
				GCC_WARN_UNDECLARED_SELECTOR = YES;
				GCC_WARN_UNINITIALIZED_AUTOS = YES_AGGRESSIVE;
				GCC_WARN_UNUSED_FUNCTION = YES;
				GCC_WARN_UNUSED_VARIABLE = YES;
				IPHONEOS_DEPLOYMENT_TARGET = 13.4;
				MTL_ENABLE_DEBUG_INFO = INCLUDE_SOURCE;
				MTL_FAST_MATH = YES;
				ONLY_ACTIVE_ARCH = YES;
				SDKROOT = iphoneos;
				SWIFT_ACTIVE_COMPILATION_CONDITIONS = DEBUG;
				SWIFT_OPTIMIZATION_LEVEL = "-Onone";
			};
			name = Debug;
		};
		AF4AA67A24CA3B2E0027BE87 /* Release */ = {
			isa = XCBuildConfiguration;
			buildSettings = {
				ALWAYS_SEARCH_USER_PATHS = NO;
				CLANG_ANALYZER_NONNULL = YES;
				CLANG_ANALYZER_NUMBER_OBJECT_CONVERSION = YES_AGGRESSIVE;
				CLANG_CXX_LANGUAGE_STANDARD = "gnu++14";
				CLANG_CXX_LIBRARY = "libc++";
				CLANG_ENABLE_MODULES = YES;
				CLANG_ENABLE_OBJC_ARC = YES;
				CLANG_ENABLE_OBJC_WEAK = YES;
				CLANG_WARN_BLOCK_CAPTURE_AUTORELEASING = YES;
				CLANG_WARN_BOOL_CONVERSION = YES;
				CLANG_WARN_COMMA = YES;
				CLANG_WARN_CONSTANT_CONVERSION = YES;
				CLANG_WARN_DEPRECATED_OBJC_IMPLEMENTATIONS = YES;
				CLANG_WARN_DIRECT_OBJC_ISA_USAGE = YES_ERROR;
				CLANG_WARN_DOCUMENTATION_COMMENTS = YES;
				CLANG_WARN_EMPTY_BODY = YES;
				CLANG_WARN_ENUM_CONVERSION = YES;
				CLANG_WARN_INFINITE_RECURSION = YES;
				CLANG_WARN_INT_CONVERSION = YES;
				CLANG_WARN_NON_LITERAL_NULL_CONVERSION = YES;
				CLANG_WARN_OBJC_IMPLICIT_RETAIN_SELF = YES;
				CLANG_WARN_OBJC_LITERAL_CONVERSION = YES;
				CLANG_WARN_OBJC_ROOT_CLASS = YES_ERROR;
				CLANG_WARN_RANGE_LOOP_ANALYSIS = YES;
				CLANG_WARN_STRICT_PROTOTYPES = YES;
				CLANG_WARN_SUSPICIOUS_MOVE = YES;
				CLANG_WARN_UNGUARDED_AVAILABILITY = YES_AGGRESSIVE;
				CLANG_WARN_UNREACHABLE_CODE = YES;
				CLANG_WARN__DUPLICATE_METHOD_MATCH = YES;
				COPY_PHASE_STRIP = NO;
				DEBUG_INFORMATION_FORMAT = "dwarf-with-dsym";
				ENABLE_NS_ASSERTIONS = NO;
				ENABLE_STRICT_OBJC_MSGSEND = YES;
				GCC_C_LANGUAGE_STANDARD = gnu11;
				GCC_NO_COMMON_BLOCKS = YES;
				GCC_WARN_64_TO_32_BIT_CONVERSION = YES;
				GCC_WARN_ABOUT_RETURN_TYPE = YES_ERROR;
				GCC_WARN_UNDECLARED_SELECTOR = YES;
				GCC_WARN_UNINITIALIZED_AUTOS = YES_AGGRESSIVE;
				GCC_WARN_UNUSED_FUNCTION = YES;
				GCC_WARN_UNUSED_VARIABLE = YES;
				IPHONEOS_DEPLOYMENT_TARGET = 13.4;
				MTL_ENABLE_DEBUG_INFO = NO;
				MTL_FAST_MATH = YES;
				SDKROOT = iphoneos;
				SWIFT_COMPILATION_MODE = wholemodule;
				SWIFT_OPTIMIZATION_LEVEL = "-O";
				VALIDATE_PRODUCT = YES;
			};
			name = Release;
		};
		AF4AA67C24CA3B2E0027BE87 /* Debug */ = {
			isa = XCBuildConfiguration;
			baseConfigurationReference = 5C86BAAA61D893BE2AE99179 /* Pods-Hurb Alpha.debug.xcconfig */;
			buildSettings = {
				ASSETCATALOG_COMPILER_APPICON_NAME = AppIcon;
				CODE_SIGN_STYLE = Automatic;
				DEVELOPMENT_TEAM = L4KU8H2GBA;
				INFOPLIST_FILE = "Hurb Alpha/Info.plist";
				IPHONEOS_DEPLOYMENT_TARGET = 11.0;
				LD_RUNPATH_SEARCH_PATHS = (
					"$(inherited)",
					"@executable_path/Frameworks",
				);
				PRODUCT_BUNDLE_IDENTIFIER = "com.objectivesev.hurb-alpha";
				PRODUCT_NAME = "$(TARGET_NAME)";
				SWIFT_VERSION = 5.0;
				TARGETED_DEVICE_FAMILY = "1,2";
			};
			name = Debug;
		};
		AF4AA67D24CA3B2E0027BE87 /* Release */ = {
			isa = XCBuildConfiguration;
			baseConfigurationReference = 6F2F6B10323491E2FF51EDD2 /* Pods-Hurb Alpha.release.xcconfig */;
			buildSettings = {
				ASSETCATALOG_COMPILER_APPICON_NAME = AppIcon;
				CODE_SIGN_STYLE = Automatic;
				DEVELOPMENT_TEAM = L4KU8H2GBA;
				INFOPLIST_FILE = "Hurb Alpha/Info.plist";
				IPHONEOS_DEPLOYMENT_TARGET = 11.0;
				LD_RUNPATH_SEARCH_PATHS = (
					"$(inherited)",
					"@executable_path/Frameworks",
				);
				PRODUCT_BUNDLE_IDENTIFIER = "com.objectivesev.hurb-alpha";
				PRODUCT_NAME = "$(TARGET_NAME)";
				SWIFT_VERSION = 5.0;
				TARGETED_DEVICE_FAMILY = "1,2";
			};
			name = Release;
		};
		AF4AA67F24CA3B2E0027BE87 /* Debug */ = {
			isa = XCBuildConfiguration;
			baseConfigurationReference = 831ACAF67A0ACE9DD8C0D344 /* Pods-Hurb AlphaTests.debug.xcconfig */;
			buildSettings = {
				ALWAYS_EMBED_SWIFT_STANDARD_LIBRARIES = YES;
				BUNDLE_LOADER = "$(TEST_HOST)";
				CODE_SIGN_STYLE = Automatic;
				DEVELOPMENT_TEAM = L4KU8H2GBA;
				INFOPLIST_FILE = "Hurb AlphaTests/Info.plist";
				IPHONEOS_DEPLOYMENT_TARGET = 13.4;
				LD_RUNPATH_SEARCH_PATHS = (
					"$(inherited)",
					"@executable_path/Frameworks",
					"@loader_path/Frameworks",
				);
				PRODUCT_BUNDLE_IDENTIFIER = "com.objectivesev.Hurb-AlphaTests";
				PRODUCT_NAME = "$(TARGET_NAME)";
				SWIFT_VERSION = 5.0;
				TARGETED_DEVICE_FAMILY = "1,2";
				TEST_HOST = "$(BUILT_PRODUCTS_DIR)/Hurb Alpha.app/Hurb Alpha";
			};
			name = Debug;
		};
		AF4AA68024CA3B2E0027BE87 /* Release */ = {
			isa = XCBuildConfiguration;
			baseConfigurationReference = ACA703E7758D53347DB8319F /* Pods-Hurb AlphaTests.release.xcconfig */;
			buildSettings = {
				ALWAYS_EMBED_SWIFT_STANDARD_LIBRARIES = YES;
				BUNDLE_LOADER = "$(TEST_HOST)";
				CODE_SIGN_STYLE = Automatic;
				DEVELOPMENT_TEAM = L4KU8H2GBA;
				INFOPLIST_FILE = "Hurb AlphaTests/Info.plist";
				IPHONEOS_DEPLOYMENT_TARGET = 13.4;
				LD_RUNPATH_SEARCH_PATHS = (
					"$(inherited)",
					"@executable_path/Frameworks",
					"@loader_path/Frameworks",
				);
				PRODUCT_BUNDLE_IDENTIFIER = "com.objectivesev.Hurb-AlphaTests";
				PRODUCT_NAME = "$(TARGET_NAME)";
				SWIFT_VERSION = 5.0;
				TARGETED_DEVICE_FAMILY = "1,2";
				TEST_HOST = "$(BUILT_PRODUCTS_DIR)/Hurb Alpha.app/Hurb Alpha";
			};
			name = Release;
		};
/* End XCBuildConfiguration section */

/* Begin XCConfigurationList section */
		AF4AA65724CA3B2B0027BE87 /* Build configuration list for PBXProject "Hurb Alpha" */ = {
			isa = XCConfigurationList;
			buildConfigurations = (
				AF4AA67924CA3B2E0027BE87 /* Debug */,
				AF4AA67A24CA3B2E0027BE87 /* Release */,
			);
			defaultConfigurationIsVisible = 0;
			defaultConfigurationName = Release;
		};
		AF4AA67B24CA3B2E0027BE87 /* Build configuration list for PBXNativeTarget "Hurb Alpha" */ = {
			isa = XCConfigurationList;
			buildConfigurations = (
				AF4AA67C24CA3B2E0027BE87 /* Debug */,
				AF4AA67D24CA3B2E0027BE87 /* Release */,
			);
			defaultConfigurationIsVisible = 0;
			defaultConfigurationName = Release;
		};
		AF4AA67E24CA3B2E0027BE87 /* Build configuration list for PBXNativeTarget "Hurb AlphaTests" */ = {
			isa = XCConfigurationList;
			buildConfigurations = (
				AF4AA67F24CA3B2E0027BE87 /* Debug */,
				AF4AA68024CA3B2E0027BE87 /* Release */,
			);
			defaultConfigurationIsVisible = 0;
			defaultConfigurationName = Release;
		};
/* End XCConfigurationList section */
	};
	rootObject = AF4AA65424CA3B2B0027BE87 /* Project object */;
}
