// !$*UTF8*$!
{
	archiveVersion = 1;
	classes = {
	};
	objectVersion = 55;
	objects = {

/* Begin PBXBuildFile section */
		315562572734184C00E1C17C /* Tests_iOS.swift in Sources */ = {isa = PBXBuildFile; fileRef = 315562562734184C00E1C17C /* Tests_iOS.swift */; };
		315562592734184C00E1C17C /* Tests_iOSLaunchTests.swift in Sources */ = {isa = PBXBuildFile; fileRef = 315562582734184C00E1C17C /* Tests_iOSLaunchTests.swift */; };
		315562662734184C00E1C17C /* Challenge_Alpha_iOSApp.swift in Sources */ = {isa = PBXBuildFile; fileRef = 3155623E2734184A00E1C17C /* Challenge_Alpha_iOSApp.swift */; };
		315562682734184C00E1C17C /* ContentView.swift in Sources */ = {isa = PBXBuildFile; fileRef = 3155623F2734184A00E1C17C /* ContentView.swift */; };
		3155626A2734184C00E1C17C /* Assets.xcassets in Resources */ = {isa = PBXBuildFile; fileRef = 315562402734184C00E1C17C /* Assets.xcassets */; };
		315615CD27343C55009FF312 /* HUGraphQL in Frameworks */ = {isa = PBXBuildFile; productRef = 315615CC27343C55009FF312 /* HUGraphQL */; };
		315615CF27343D42009FF312 /* Manager.swift in Sources */ = {isa = PBXBuildFile; fileRef = 315615CE27343D42009FF312 /* Manager.swift */; };
		315615D1273441F3009FF312 /* ResultRenderView.swift in Sources */ = {isa = PBXBuildFile; fileRef = 315615D0273441F3009FF312 /* ResultRenderView.swift */; };
		315615D32734444A009FF312 /* ResultRenderViewModel.swift in Sources */ = {isa = PBXBuildFile; fileRef = 315615D22734444A009FF312 /* ResultRenderViewModel.swift */; };
/* End PBXBuildFile section */

/* Begin PBXContainerItemProxy section */
		315562532734184C00E1C17C /* PBXContainerItemProxy */ = {
			isa = PBXContainerItemProxy;
			containerPortal = 315562392734184A00E1C17C /* Project object */;
			proxyType = 1;
			remoteGlobalIDString = 315562442734184C00E1C17C;
			remoteInfo = "Challenge Alpha iOS (iOS)";
		};
/* End PBXContainerItemProxy section */

/* Begin PBXFileReference section */
		3155623E2734184A00E1C17C /* Challenge_Alpha_iOSApp.swift */ = {isa = PBXFileReference; lastKnownFileType = sourcecode.swift; path = Challenge_Alpha_iOSApp.swift; sourceTree = "<group>"; };
		3155623F2734184A00E1C17C /* ContentView.swift */ = {isa = PBXFileReference; lastKnownFileType = sourcecode.swift; path = ContentView.swift; sourceTree = "<group>"; };
		315562402734184C00E1C17C /* Assets.xcassets */ = {isa = PBXFileReference; lastKnownFileType = folder.assetcatalog; path = Assets.xcassets; sourceTree = "<group>"; };
		315562452734184C00E1C17C /* Challenge Alpha iOS.app */ = {isa = PBXFileReference; explicitFileType = wrapper.application; includeInIndex = 0; path = "Challenge Alpha iOS.app"; sourceTree = BUILT_PRODUCTS_DIR; };
		315562522734184C00E1C17C /* Tests iOS.xctest */ = {isa = PBXFileReference; explicitFileType = wrapper.cfbundle; includeInIndex = 0; path = "Tests iOS.xctest"; sourceTree = BUILT_PRODUCTS_DIR; };
		315562562734184C00E1C17C /* Tests_iOS.swift */ = {isa = PBXFileReference; lastKnownFileType = sourcecode.swift; path = Tests_iOS.swift; sourceTree = "<group>"; };
		315562582734184C00E1C17C /* Tests_iOSLaunchTests.swift */ = {isa = PBXFileReference; lastKnownFileType = sourcecode.swift; path = Tests_iOSLaunchTests.swift; sourceTree = "<group>"; };
		315615CA27343C13009FF312 /* HUNetwork */ = {isa = PBXFileReference; lastKnownFileType = folder; name = HUNetwork; path = Modules/HUNetwork; sourceTree = "<group>"; };
		315615CE27343D42009FF312 /* Manager.swift */ = {isa = PBXFileReference; lastKnownFileType = sourcecode.swift; path = Manager.swift; sourceTree = "<group>"; };
		315615D0273441F3009FF312 /* ResultRenderView.swift */ = {isa = PBXFileReference; lastKnownFileType = sourcecode.swift; path = ResultRenderView.swift; sourceTree = "<group>"; };
		315615D22734444A009FF312 /* ResultRenderViewModel.swift */ = {isa = PBXFileReference; lastKnownFileType = sourcecode.swift; path = ResultRenderViewModel.swift; sourceTree = "<group>"; };
/* End PBXFileReference section */

/* Begin PBXFrameworksBuildPhase section */
		315562422734184C00E1C17C /* Frameworks */ = {
			isa = PBXFrameworksBuildPhase;
			buildActionMask = 2147483647;
			files = (
				315615CD27343C55009FF312 /* HUGraphQL in Frameworks */,
			);
			runOnlyForDeploymentPostprocessing = 0;
		};
		3155624F2734184C00E1C17C /* Frameworks */ = {
			isa = PBXFrameworksBuildPhase;
			buildActionMask = 2147483647;
			files = (
			);
			runOnlyForDeploymentPostprocessing = 0;
		};
/* End PBXFrameworksBuildPhase section */

/* Begin PBXGroup section */
		315562382734184A00E1C17C = {
			isa = PBXGroup;
			children = (
				3155623D2734184A00E1C17C /* Shared */,
				315615C927343C12009FF312 /* Packages */,
				315562552734184C00E1C17C /* Tests iOS */,
				315562462734184C00E1C17C /* Products */,
				315615CB27343C54009FF312 /* Frameworks */,
			);
			sourceTree = "<group>";
		};
		3155623D2734184A00E1C17C /* Shared */ = {
			isa = PBXGroup;
			children = (
				3155623E2734184A00E1C17C /* Challenge_Alpha_iOSApp.swift */,
				3155623F2734184A00E1C17C /* ContentView.swift */,
				315562402734184C00E1C17C /* Assets.xcassets */,
				315615CE27343D42009FF312 /* Manager.swift */,
				315615D0273441F3009FF312 /* ResultRenderView.swift */,
				315615D22734444A009FF312 /* ResultRenderViewModel.swift */,
			);
			path = Shared;
			sourceTree = "<group>";
		};
		315562462734184C00E1C17C /* Products */ = {
			isa = PBXGroup;
			children = (
				315562452734184C00E1C17C /* Challenge Alpha iOS.app */,
				315562522734184C00E1C17C /* Tests iOS.xctest */,
			);
			name = Products;
			sourceTree = "<group>";
		};
		315562552734184C00E1C17C /* Tests iOS */ = {
			isa = PBXGroup;
			children = (
				315562562734184C00E1C17C /* Tests_iOS.swift */,
				315562582734184C00E1C17C /* Tests_iOSLaunchTests.swift */,
			);
			path = "Tests iOS";
			sourceTree = "<group>";
		};
		315615C927343C12009FF312 /* Packages */ = {
			isa = PBXGroup;
			children = (
				315615CA27343C13009FF312 /* HUNetwork */,
			);
			name = Packages;
			sourceTree = "<group>";
		};
		315615CB27343C54009FF312 /* Frameworks */ = {
			isa = PBXGroup;
			children = (
			);
			name = Frameworks;
			sourceTree = "<group>";
		};
/* End PBXGroup section */

/* Begin PBXNativeTarget section */
		315562442734184C00E1C17C /* Challenge Alpha iOS (iOS) */ = {
			isa = PBXNativeTarget;
			buildConfigurationList = 3155626E2734184C00E1C17C /* Build configuration list for PBXNativeTarget "Challenge Alpha iOS (iOS)" */;
			buildPhases = (
				315562412734184C00E1C17C /* Sources */,
				315562422734184C00E1C17C /* Frameworks */,
				315562432734184C00E1C17C /* Resources */,
			);
			buildRules = (
			);
			dependencies = (
			);
			name = "Challenge Alpha iOS (iOS)";
			packageProductDependencies = (
				315615CC27343C55009FF312 /* HUGraphQL */,
			);
			productName = "Challenge Alpha iOS (iOS)";
			productReference = 315562452734184C00E1C17C /* Challenge Alpha iOS.app */;
			productType = "com.apple.product-type.application";
		};
		315562512734184C00E1C17C /* Tests iOS */ = {
			isa = PBXNativeTarget;
			buildConfigurationList = 315562742734184C00E1C17C /* Build configuration list for PBXNativeTarget "Tests iOS" */;
			buildPhases = (
				3155624E2734184C00E1C17C /* Sources */,
				3155624F2734184C00E1C17C /* Frameworks */,
				315562502734184C00E1C17C /* Resources */,
			);
			buildRules = (
			);
			dependencies = (
				315562542734184C00E1C17C /* PBXTargetDependency */,
			);
			name = "Tests iOS";
			productName = "Tests iOS";
			productReference = 315562522734184C00E1C17C /* Tests iOS.xctest */;
			productType = "com.apple.product-type.bundle.ui-testing";
		};
/* End PBXNativeTarget section */

/* Begin PBXProject section */
		315562392734184A00E1C17C /* Project object */ = {
			isa = PBXProject;
			attributes = {
				BuildIndependentTargetsInParallel = 1;
				LastSwiftUpdateCheck = 1310;
				LastUpgradeCheck = 1310;
				TargetAttributes = {
					315562442734184C00E1C17C = {
						CreatedOnToolsVersion = 13.1;
					};
					315562512734184C00E1C17C = {
						CreatedOnToolsVersion = 13.1;
						TestTargetID = 315562442734184C00E1C17C;
					};
				};
			};
			buildConfigurationList = 3155623C2734184A00E1C17C /* Build configuration list for PBXProject "Challenge Alpha iOS" */;
			compatibilityVersion = "Xcode 13.0";
			developmentRegion = en;
			hasScannedForEncodings = 0;
			knownRegions = (
				en,
				Base,
			);
			mainGroup = 315562382734184A00E1C17C;
			productRefGroup = 315562462734184C00E1C17C /* Products */;
			projectDirPath = "";
			projectRoot = "";
			targets = (
				315562442734184C00E1C17C /* Challenge Alpha iOS (iOS) */,
				315562512734184C00E1C17C /* Tests iOS */,
			);
		};
/* End PBXProject section */

/* Begin PBXResourcesBuildPhase section */
		315562432734184C00E1C17C /* Resources */ = {
			isa = PBXResourcesBuildPhase;
			buildActionMask = 2147483647;
			files = (
				3155626A2734184C00E1C17C /* Assets.xcassets in Resources */,
			);
			runOnlyForDeploymentPostprocessing = 0;
		};
		315562502734184C00E1C17C /* Resources */ = {
			isa = PBXResourcesBuildPhase;
			buildActionMask = 2147483647;
			files = (
			);
			runOnlyForDeploymentPostprocessing = 0;
		};
/* End PBXResourcesBuildPhase section */

/* Begin PBXSourcesBuildPhase section */
		315562412734184C00E1C17C /* Sources */ = {
			isa = PBXSourcesBuildPhase;
			buildActionMask = 2147483647;
			files = (
				315562682734184C00E1C17C /* ContentView.swift in Sources */,
				315615D32734444A009FF312 /* ResultRenderViewModel.swift in Sources */,
				315615CF27343D42009FF312 /* Manager.swift in Sources */,
				315562662734184C00E1C17C /* Challenge_Alpha_iOSApp.swift in Sources */,
				315615D1273441F3009FF312 /* ResultRenderView.swift in Sources */,
			);
			runOnlyForDeploymentPostprocessing = 0;
		};
		3155624E2734184C00E1C17C /* Sources */ = {
			isa = PBXSourcesBuildPhase;
			buildActionMask = 2147483647;
			files = (
				315562592734184C00E1C17C /* Tests_iOSLaunchTests.swift in Sources */,
				315562572734184C00E1C17C /* Tests_iOS.swift in Sources */,
			);
			runOnlyForDeploymentPostprocessing = 0;
		};
/* End PBXSourcesBuildPhase section */

/* Begin PBXTargetDependency section */
		315562542734184C00E1C17C /* PBXTargetDependency */ = {
			isa = PBXTargetDependency;
			target = 315562442734184C00E1C17C /* Challenge Alpha iOS (iOS) */;
			targetProxy = 315562532734184C00E1C17C /* PBXContainerItemProxy */;
		};
/* End PBXTargetDependency section */

/* Begin XCBuildConfiguration section */
		3155626C2734184C00E1C17C /* Debug */ = {
			isa = XCBuildConfiguration;
			buildSettings = {
				ALWAYS_SEARCH_USER_PATHS = NO;
				CLANG_ANALYZER_NONNULL = YES;
				CLANG_ANALYZER_NUMBER_OBJECT_CONVERSION = YES_AGGRESSIVE;
				CLANG_CXX_LANGUAGE_STANDARD = "gnu++17";
				CLANG_CXX_LIBRARY = "libc++";
				CLANG_ENABLE_MODULES = YES;
				CLANG_ENABLE_OBJC_ARC = YES;
				CLANG_ENABLE_OBJC_WEAK = YES;
				CLANG_WARN_BLOCK_CAPTURE_AUTORELEASING = YES;
				CLANG_WARN_BOOL_CONVERSION = YES;
				CLANG_WARN_COMMA = YES;
				CLANG_WARN_CONSTANT_CONVERSION = YES;
				CLANG_WARN_DEPRECATED_OBJC_IMPLEMENTATIONS = YES;
				CLANG_WARN_DIRECT_OBJC_ISA_USAGE = YES_ERROR;
				CLANG_WARN_DOCUMENTATION_COMMENTS = YES;
				CLANG_WARN_EMPTY_BODY = YES;
				CLANG_WARN_ENUM_CONVERSION = YES;
				CLANG_WARN_INFINITE_RECURSION = YES;
				CLANG_WARN_INT_CONVERSION = YES;
				CLANG_WARN_NON_LITERAL_NULL_CONVERSION = YES;
				CLANG_WARN_OBJC_IMPLICIT_RETAIN_SELF = YES;
				CLANG_WARN_OBJC_LITERAL_CONVERSION = YES;
				CLANG_WARN_OBJC_ROOT_CLASS = YES_ERROR;
				CLANG_WARN_QUOTED_INCLUDE_IN_FRAMEWORK_HEADER = YES;
				CLANG_WARN_RANGE_LOOP_ANALYSIS = YES;
				CLANG_WARN_STRICT_PROTOTYPES = YES;
				CLANG_WARN_SUSPICIOUS_MOVE = YES;
				CLANG_WARN_UNGUARDED_AVAILABILITY = YES_AGGRESSIVE;
				CLANG_WARN_UNREACHABLE_CODE = YES;
				CLANG_WARN__DUPLICATE_METHOD_MATCH = YES;
				COPY_PHASE_STRIP = NO;
				DEBUG_INFORMATION_FORMAT = dwarf;
				ENABLE_STRICT_OBJC_MSGSEND = YES;
				ENABLE_TESTABILITY = YES;
				GCC_C_LANGUAGE_STANDARD = gnu11;
				GCC_DYNAMIC_NO_PIC = NO;
				GCC_NO_COMMON_BLOCKS = YES;
				GCC_OPTIMIZATION_LEVEL = 0;
				GCC_PREPROCESSOR_DEFINITIONS = (
					"DEBUG=1",
					"$(inherited)",
				);
				GCC_WARN_64_TO_32_BIT_CONVERSION = YES;
				GCC_WARN_ABOUT_RETURN_TYPE = YES_ERROR;
				GCC_WARN_UNDECLARED_SELECTOR = YES;
				GCC_WARN_UNINITIALIZED_AUTOS = YES_AGGRESSIVE;
				GCC_WARN_UNUSED_FUNCTION = YES;
				GCC_WARN_UNUSED_VARIABLE = YES;
				MTL_ENABLE_DEBUG_INFO = INCLUDE_SOURCE;
				MTL_FAST_MATH = YES;
				ONLY_ACTIVE_ARCH = YES;
				SWIFT_ACTIVE_COMPILATION_CONDITIONS = DEBUG;
				SWIFT_OPTIMIZATION_LEVEL = "-Onone";
			};
			name = Debug;
		};
		3155626D2734184C00E1C17C /* Release */ = {
			isa = XCBuildConfiguration;
			buildSettings = {
				ALWAYS_SEARCH_USER_PATHS = NO;
				CLANG_ANALYZER_NONNULL = YES;
				CLANG_ANALYZER_NUMBER_OBJECT_CONVERSION = YES_AGGRESSIVE;
				CLANG_CXX_LANGUAGE_STANDARD = "gnu++17";
				CLANG_CXX_LIBRARY = "libc++";
				CLANG_ENABLE_MODULES = YES;
				CLANG_ENABLE_OBJC_ARC = YES;
				CLANG_ENABLE_OBJC_WEAK = YES;
				CLANG_WARN_BLOCK_CAPTURE_AUTORELEASING = YES;
				CLANG_WARN_BOOL_CONVERSION = YES;
				CLANG_WARN_COMMA = YES;
				CLANG_WARN_CONSTANT_CONVERSION = YES;
				CLANG_WARN_DEPRECATED_OBJC_IMPLEMENTATIONS = YES;
				CLANG_WARN_DIRECT_OBJC_ISA_USAGE = YES_ERROR;
				CLANG_WARN_DOCUMENTATION_COMMENTS = YES;
				CLANG_WARN_EMPTY_BODY = YES;
				CLANG_WARN_ENUM_CONVERSION = YES;
				CLANG_WARN_INFINITE_RECURSION = YES;
				CLANG_WARN_INT_CONVERSION = YES;
				CLANG_WARN_NON_LITERAL_NULL_CONVERSION = YES;
				CLANG_WARN_OBJC_IMPLICIT_RETAIN_SELF = YES;
				CLANG_WARN_OBJC_LITERAL_CONVERSION = YES;
				CLANG_WARN_OBJC_ROOT_CLASS = YES_ERROR;
				CLANG_WARN_QUOTED_INCLUDE_IN_FRAMEWORK_HEADER = YES;
				CLANG_WARN_RANGE_LOOP_ANALYSIS = YES;
				CLANG_WARN_STRICT_PROTOTYPES = YES;
				CLANG_WARN_SUSPICIOUS_MOVE = YES;
				CLANG_WARN_UNGUARDED_AVAILABILITY = YES_AGGRESSIVE;
				CLANG_WARN_UNREACHABLE_CODE = YES;
				CLANG_WARN__DUPLICATE_METHOD_MATCH = YES;
				COPY_PHASE_STRIP = NO;
				DEBUG_INFORMATION_FORMAT = "dwarf-with-dsym";
				ENABLE_NS_ASSERTIONS = NO;
				ENABLE_STRICT_OBJC_MSGSEND = YES;
				GCC_C_LANGUAGE_STANDARD = gnu11;
				GCC_NO_COMMON_BLOCKS = YES;
				GCC_WARN_64_TO_32_BIT_CONVERSION = YES;
				GCC_WARN_ABOUT_RETURN_TYPE = YES_ERROR;
				GCC_WARN_UNDECLARED_SELECTOR = YES;
				GCC_WARN_UNINITIALIZED_AUTOS = YES_AGGRESSIVE;
				GCC_WARN_UNUSED_FUNCTION = YES;
				GCC_WARN_UNUSED_VARIABLE = YES;
				MTL_ENABLE_DEBUG_INFO = NO;
				MTL_FAST_MATH = YES;
				SWIFT_COMPILATION_MODE = wholemodule;
				SWIFT_OPTIMIZATION_LEVEL = "-O";
			};
			name = Release;
		};
		3155626F2734184C00E1C17C /* Debug */ = {
			isa = XCBuildConfiguration;
			buildSettings = {
				ASSETCATALOG_COMPILER_APPICON_NAME = AppIcon;
				ASSETCATALOG_COMPILER_GLOBAL_ACCENT_COLOR_NAME = AccentColor;
				CODE_SIGN_STYLE = Automatic;
				CURRENT_PROJECT_VERSION = 1;
				ENABLE_PREVIEWS = YES;
				GENERATE_INFOPLIST_FILE = YES;
				INFOPLIST_KEY_UIApplicationSceneManifest_Generation = YES;
				INFOPLIST_KEY_UIApplicationSupportsIndirectInputEvents = YES;
				INFOPLIST_KEY_UILaunchScreen_Generation = YES;
				INFOPLIST_KEY_UISupportedInterfaceOrientations_iPad = "UIInterfaceOrientationPortrait UIInterfaceOrientationPortraitUpsideDown UIInterfaceOrientationLandscapeLeft UIInterfaceOrientationLandscapeRight";
				INFOPLIST_KEY_UISupportedInterfaceOrientations_iPhone = "UIInterfaceOrientationPortrait UIInterfaceOrientationLandscapeLeft UIInterfaceOrientationLandscapeRight";
				IPHONEOS_DEPLOYMENT_TARGET = 14.0;
				LD_RUNPATH_SEARCH_PATHS = (
					"$(inherited)",
					"@executable_path/Frameworks",
				);
				MARKETING_VERSION = 1.0;
				PRODUCT_BUNDLE_IDENTIFIER = "hurb.com.Challenge-Alpha-iOS";
				PRODUCT_NAME = "Challenge Alpha iOS";
				SDKROOT = iphoneos;
				SWIFT_EMIT_LOC_STRINGS = YES;
				SWIFT_VERSION = 5.0;
				TARGETED_DEVICE_FAMILY = 1;
			};
			name = Debug;
		};
		315562702734184C00E1C17C /* Release */ = {
			isa = XCBuildConfiguration;
			buildSettings = {
				ASSETCATALOG_COMPILER_APPICON_NAME = AppIcon;
				ASSETCATALOG_COMPILER_GLOBAL_ACCENT_COLOR_NAME = AccentColor;
				CODE_SIGN_STYLE = Automatic;
				CURRENT_PROJECT_VERSION = 1;
				ENABLE_PREVIEWS = YES;
				GENERATE_INFOPLIST_FILE = YES;
				INFOPLIST_KEY_UIApplicationSceneManifest_Generation = YES;
				INFOPLIST_KEY_UIApplicationSupportsIndirectInputEvents = YES;
				INFOPLIST_KEY_UILaunchScreen_Generation = YES;
				INFOPLIST_KEY_UISupportedInterfaceOrientations_iPad = "UIInterfaceOrientationPortrait UIInterfaceOrientationPortraitUpsideDown UIInterfaceOrientationLandscapeLeft UIInterfaceOrientationLandscapeRight";
				INFOPLIST_KEY_UISupportedInterfaceOrientations_iPhone = "UIInterfaceOrientationPortrait UIInterfaceOrientationLandscapeLeft UIInterfaceOrientationLandscapeRight";
				IPHONEOS_DEPLOYMENT_TARGET = 14.0;
				LD_RUNPATH_SEARCH_PATHS = (
					"$(inherited)",
					"@executable_path/Frameworks",
				);
				MARKETING_VERSION = 1.0;
				PRODUCT_BUNDLE_IDENTIFIER = "hurb.com.Challenge-Alpha-iOS";
				PRODUCT_NAME = "Challenge Alpha iOS";
				SDKROOT = iphoneos;
				SWIFT_EMIT_LOC_STRINGS = YES;
				SWIFT_VERSION = 5.0;
				TARGETED_DEVICE_FAMILY = 1;
				VALIDATE_PRODUCT = YES;
			};
			name = Release;
		};
		315562752734184C00E1C17C /* Debug */ = {
			isa = XCBuildConfiguration;
			buildSettings = {
				ALWAYS_EMBED_SWIFT_STANDARD_LIBRARIES = YES;
				CODE_SIGN_STYLE = Automatic;
				CURRENT_PROJECT_VERSION = 1;
				GENERATE_INFOPLIST_FILE = YES;
				IPHONEOS_DEPLOYMENT_TARGET = 15.0;
				LD_RUNPATH_SEARCH_PATHS = (
					"$(inherited)",
					"@executable_path/Frameworks",
					"@loader_path/Frameworks",
				);
				MARKETING_VERSION = 1.0;
				PRODUCT_BUNDLE_IDENTIFIER = "hurb.com.Tests-iOS";
				PRODUCT_NAME = "$(TARGET_NAME)";
				SDKROOT = iphoneos;
				SWIFT_EMIT_LOC_STRINGS = NO;
				SWIFT_VERSION = 5.0;
				TARGETED_DEVICE_FAMILY = "1,2";
				TEST_TARGET_NAME = "Challenge Alpha iOS (iOS)";
			};
			name = Debug;
		};
		315562762734184C00E1C17C /* Release */ = {
			isa = XCBuildConfiguration;
			buildSettings = {
				ALWAYS_EMBED_SWIFT_STANDARD_LIBRARIES = YES;
				CODE_SIGN_STYLE = Automatic;
				CURRENT_PROJECT_VERSION = 1;
				GENERATE_INFOPLIST_FILE = YES;
				IPHONEOS_DEPLOYMENT_TARGET = 15.0;
				LD_RUNPATH_SEARCH_PATHS = (
					"$(inherited)",
					"@executable_path/Frameworks",
					"@loader_path/Frameworks",
				);
				MARKETING_VERSION = 1.0;
				PRODUCT_BUNDLE_IDENTIFIER = "hurb.com.Tests-iOS";
				PRODUCT_NAME = "$(TARGET_NAME)";
				SDKROOT = iphoneos;
				SWIFT_EMIT_LOC_STRINGS = NO;
				SWIFT_VERSION = 5.0;
				TARGETED_DEVICE_FAMILY = "1,2";
				TEST_TARGET_NAME = "Challenge Alpha iOS (iOS)";
				VALIDATE_PRODUCT = YES;
			};
			name = Release;
		};
/* End XCBuildConfiguration section */

/* Begin XCConfigurationList section */
		3155623C2734184A00E1C17C /* Build configuration list for PBXProject "Challenge Alpha iOS" */ = {
			isa = XCConfigurationList;
			buildConfigurations = (
				3155626C2734184C00E1C17C /* Debug */,
				3155626D2734184C00E1C17C /* Release */,
			);
			defaultConfigurationIsVisible = 0;
			defaultConfigurationName = Release;
		};
		3155626E2734184C00E1C17C /* Build configuration list for PBXNativeTarget "Challenge Alpha iOS (iOS)" */ = {
			isa = XCConfigurationList;
			buildConfigurations = (
				3155626F2734184C00E1C17C /* Debug */,
				315562702734184C00E1C17C /* Release */,
			);
			defaultConfigurationIsVisible = 0;
			defaultConfigurationName = Release;
		};
		315562742734184C00E1C17C /* Build configuration list for PBXNativeTarget "Tests iOS" */ = {
			isa = XCConfigurationList;
			buildConfigurations = (
				315562752734184C00E1C17C /* Debug */,
				315562762734184C00E1C17C /* Release */,
			);
			defaultConfigurationIsVisible = 0;
			defaultConfigurationName = Release;
		};
/* End XCConfigurationList section */

/* Begin XCSwiftPackageProductDependency section */
		315615CC27343C55009FF312 /* HUGraphQL */ = {
			isa = XCSwiftPackageProductDependency;
			productName = HUGraphQL;
		};
/* End XCSwiftPackageProductDependency section */
	};
	rootObject = 315562392734184A00E1C17C /* Project object */;
}
